// !$*UTF8*$!
{
	archiveVersion = 1;
	classes = {
	};
	objectVersion = 52;
	objects = {

/* Begin PBXBuildFile section */
		0207DA581B56EA530066E2B4 /* Images.xcassets in Resources */ = {isa = PBXBuildFile; fileRef = 0207DA571B56EA530066E2B4 /* Images.xcassets */; };
		1D60589B0D05DD56006BFB54 /* main.m in Sources */ = {isa = PBXBuildFile; fileRef = 29B97316FDCFA39411CA2CEA /* main.m */; };
		301BF552109A68D80062928A /* libCordova.a in Frameworks */ = {isa = PBXBuildFile; fileRef = 301BF535109A57CC0062928A /* libCordova.a */; settings = {ATTRIBUTES = (Required, ); }; };
		302D95F114D2391D003F00A1 /* MainViewController.m in Sources */ = {isa = PBXBuildFile; fileRef = 302D95EF14D2391D003F00A1 /* MainViewController.m */; };
		302D95F214D2391D003F00A1 /* MainViewController.xib in Resources */ = {isa = PBXBuildFile; fileRef = 302D95F014D2391D003F00A1 /* MainViewController.xib */; };
		32213806FD9E48638862A3A1 /* WebKit.framework in Frameworks */ = {isa = PBXBuildFile; fileRef = 1A3C407CEFB24354AAEB419D /* WebKit.framework */; };
		50778DBD2708E16C0032AA2F /* AppDelegate.m in Sources */ = {isa = PBXBuildFile; fileRef = 50778DBC2708E16C0032AA2F /* AppDelegate.m */; };
		50EE50203EC747B0990599DC /* CDVSplashScreen.m in Sources */ = {isa = PBXBuildFile; fileRef = 2121F537B9614CA4A8E021B3 /* CDVSplashScreen.m */; };
		54B0F5E8B5584F0E8790FAA2 /* CDVIonicKeyboard.m in Sources */ = {isa = PBXBuildFile; fileRef = 121E98959DA74DF88AAF3339 /* CDVIonicKeyboard.m */; };
		6AFF5BF91D6E424B00AB3073 /* CDVLaunchScreen.storyboard in Resources */ = {isa = PBXBuildFile; fileRef = 6AFF5BF81D6E424B00AB3073 /* CDVLaunchScreen.storyboard */; };
		9549ED44B83F47F9AFC8161B /* CDVDevice.m in Sources */ = {isa = PBXBuildFile; fileRef = 67BE0467BB334689AD723F46 /* CDVDevice.m */; };
		CF2AA71A37E84F90BAA7A6EA /* CDVViewController+SplashScreen.m in Sources */ = {isa = PBXBuildFile; fileRef = D8AFF6C17C7B48748F031682 /* CDVViewController+SplashScreen.m */; };
		F56B317B05984C62B33082AA /* CDVStatusBar.m in Sources */ = {isa = PBXBuildFile; fileRef = 7B2BFC155EC74E02927C3460 /* CDVStatusBar.m */; };
		7ABFA5364DCC410FBAB48D84 /* EnrollmentDelegate.swift in Sources */ = {isa = PBXBuildFile; fileRef = 6A9EFB588CD5475D99683016 /* EnrollmentDelegate.swift */; };
		F7048C9BC6E846AC824EDDE4 /* PolicyDelegate.swift in Sources */ = {isa = PBXBuildFile; fileRef = C733FDD5C1E045459FD2ACE5 /* PolicyDelegate.swift */; };
		575F0EEB43F34FEF96364649 /* IntunePlugin.swift in Sources */ = {isa = PBXBuildFile; fileRef = F69B06CD17C14CF39690468B /* IntunePlugin.swift */; };
		1C0AF609F29E4C48BFD28E39 /* CAPPlugin.h in Resources */ = {isa = PBXBuildFile; fileRef = CB59D29BD98A45CEB47ABC4A /* CAPPlugin.h */; };
		B472FAE32AB841D9A89F6203 /* CAPPlugin.m in Sources */ = {isa = PBXBuildFile; fileRef = 42CB621FEE3D49EB8578B419 /* CAPPlugin.m */; };
		310AE5C8418045F8B292FA3D /* CAPPluginCall.h in Resources */ = {isa = PBXBuildFile; fileRef = 012C5FF9660A48E9B616E657 /* CAPPluginCall.h */; };
		B34CA0A7CF564C2EAA5A775A /* CAPPluginCall.m in Sources */ = {isa = PBXBuildFile; fileRef = 57A6321F6F174E6A80C4D62F /* CAPPluginCall.m */; };
		06FFB9A50E5E4DADAFBB3733 /* CAPPluginCall.swift in Sources */ = {isa = PBXBuildFile; fileRef = B4384C7F370B4C7CAF71CC1C /* CAPPluginCall.swift */; };
		286272768A2C41788523CB36 /* IntuneMAMSwift.xcframework in Resources */ = {isa = PBXBuildFile; fileRef = 90A2D8EA428842D6ACB16C40 /* IntuneMAMSwift.xcframework */; };
		F23CE8F4DAA1437888D27425 /* IntuneMAMSwift.xcframework in Embed Frameworks */ = {isa = PBXBuildFile; fileRef = 90A2D8EA428842D6ACB16C40 /* IntuneMAMSwift.xcframework */; settings = {ATTRIBUTES = (CodeSignOnCopy, ); }; };
		D817AC2988E64C15A722C19F /* IntuneMAMSwiftStub.xcframework in Resources */ = {isa = PBXBuildFile; fileRef = 6718A24F0BCE4CDF90C318E5 /* IntuneMAMSwiftStub.xcframework */; };
		C6D5B286E2BB4EF9B4560B73 /* IntuneMAMSwiftStub.xcframework in Embed Frameworks */ = {isa = PBXBuildFile; fileRef = 6718A24F0BCE4CDF90C318E5 /* IntuneMAMSwiftStub.xcframework */; settings = {ATTRIBUTES = (CodeSignOnCopy, ); }; };
		0F797D2EB5AC4FCCA0263C9D /* MSAL.xcframework in Resources */ = {isa = PBXBuildFile; fileRef = E379C9051CAE472899CA722B /* MSAL.xcframework */; };
		ECC64094D5564B53B94DE134 /* MSAL.xcframework in Embed Frameworks */ = {isa = PBXBuildFile; fileRef = E379C9051CAE472899CA722B /* MSAL.xcframework */; settings = {ATTRIBUTES = (CodeSignOnCopy, ); }; };
		E75F691345364ECB8023816B /* AudioToolbox.framework in Frameworks */ = {isa = PBXBuildFile; fileRef = 3C608E88277B4F7E89C87159 /* AudioToolbox.framework */; };
		B562FF0FED294C7FBDFB3D60 /* CoreServices.framework in Frameworks */ = {isa = PBXBuildFile; fileRef = B99DB10C170A4F4BBD545535 /* CoreServices.framework */; };
		98CC5C62D914452B9AF6293E /* ImageIO.framework in Frameworks */ = {isa = PBXBuildFile; fileRef = 2659F0DEDD5641F7A37D9206 /* ImageIO.framework */; };
		F4859632961A4F5CAE8533B2 /* libc++.tbd in Frameworks */ = {isa = PBXBuildFile; fileRef = 9A947E9C1E3B4EA2A268A102 /* libc++.tbd */; };
		68318F5C3B714FB68F57AD78 /* libsqlite3.tbd in Frameworks */ = {isa = PBXBuildFile; fileRef = 1B69489EF3C04E0B8FD68084 /* libsqlite3.tbd */; };
		EC10F402A9E444DE8D16E791 /* LocalAuthentication.framework in Frameworks */ = {isa = PBXBuildFile; fileRef = 809FA7A980D94B0B8B3BB306 /* LocalAuthentication.framework */; };
		FEFA77D17BFD4F608E33C061 /* MessageUI.framework in Frameworks */ = {isa = PBXBuildFile; fileRef = 3F5DEFDD124C4C07826CC5F3 /* MessageUI.framework */; };
		A441ACAE9F4742C2B321499F /* QuartzCore.framework in Frameworks */ = {isa = PBXBuildFile; fileRef = 29BB39D5349047468BFDD669 /* QuartzCore.framework */; };
		D0E36080595A4424B5A0FDA7 /* Security.framework in Frameworks */ = {isa = PBXBuildFile; fileRef = 1E419F0609C34A8AB187D0BD /* Security.framework */; };
		E7EBF84A41844C18A73D1BF0 /* SystemConfiguration.framework in Frameworks */ = {isa = PBXBuildFile; fileRef = BE500E297C5B46E8AD103CAC /* SystemConfiguration.framework */; };
		2DAC7FFA71AC4BCDA3070FA7 /* CDVWKWebViewEngine.m in Sources */ = {isa = PBXBuildFile; fileRef = C0975A2BB8BE4256AE920E24 /* CDVWKWebViewEngine.m */; };
		AF659A86E316475689C5525B /* CDVWKWebViewUIDelegate.m in Sources */ = {isa = PBXBuildFile; fileRef = 23A7108D05C542BFB717D7AD /* CDVWKWebViewUIDelegate.m */; };
		896381FF128F482C91CE13C9 /* CDVWKProcessPoolFactory.m in Sources */ = {isa = PBXBuildFile; fileRef = 69848DB4977C4AE6BB52F6C1 /* CDVWKProcessPoolFactory.m */; };
		327650BEF9FD4373A327FF71 /* IONAssetHandler.m in Sources */ = {isa = PBXBuildFile; fileRef = 9A8CC8B9EF7047FE9F431101 /* IONAssetHandler.m */; };
/* End PBXBuildFile section */

/* Begin PBXContainerItemProxy section */
		301BF534109A57CC0062928A /* PBXContainerItemProxy */ = {
			isa = PBXContainerItemProxy;
			containerPortal = 301BF52D109A57CC0062928A /* CordovaLib.xcodeproj */;
			proxyType = 2;
			remoteGlobalIDString = D2AAC07E0554694100DB518D;
			remoteInfo = CordovaLib;
		};
		301BF550109A68C00062928A /* PBXContainerItemProxy */ = {
			isa = PBXContainerItemProxy;
			containerPortal = 301BF52D109A57CC0062928A /* CordovaLib.xcodeproj */;
			proxyType = 1;
			remoteGlobalIDString = D2AAC07D0554694100DB518D;
			remoteInfo = CordovaLib;
		};
		907D8123214C687600058A10 /* PBXContainerItemProxy */ = {
			isa = PBXContainerItemProxy;
			containerPortal = 301BF52D109A57CC0062928A /* CordovaLib.xcodeproj */;
			proxyType = 2;
			remoteGlobalIDString = C0C01EB21E3911D50056E6CB;
			remoteInfo = Cordova;
		};
/* End PBXContainerItemProxy section */

/* Begin PBXCopyFilesBuildPhase section */
		1AF5EEC9ECE74431B020AD77 /* Embed Frameworks */ = {
			isa = PBXCopyFilesBuildPhase;
			buildActionMask = 2147483647;
			dstPath = "";
			dstSubfolderSpec = 10;
			files = (
				6E2EF4BC43CB45C983E2DC89 /* IntuneMAMSwift.xcframework in Embed Frameworks */,
				BC4902E5A7954CEA99AA0737 /* IntuneMAMSwiftStub.xcframework in Embed Frameworks */,
				212BF5AF83F344F7AB592FA2 /* MSAL.xcframework in Embed Frameworks */,
				42EA3BBC8CF4411FA346EAB2 /* IntuneMAMSwift.xcframework in Embed Frameworks */,
				82A43948F35E4255906B82BE /* IntuneMAMSwiftStub.xcframework in Embed Frameworks */,
				2E30B101EC4F4D54A7B87786 /* MSAL.xcframework in Embed Frameworks */,
				F23CE8F4DAA1437888D27425 /* IntuneMAMSwift.xcframework in Embed Frameworks */,
				C6D5B286E2BB4EF9B4560B73 /* IntuneMAMSwiftStub.xcframework in Embed Frameworks */,
				ECC64094D5564B53B94DE134 /* MSAL.xcframework in Embed Frameworks */,
			);
			name = "Embed Frameworks";
			runOnlyForDeploymentPostprocessing = 0;
		};
/* End PBXCopyFilesBuildPhase section */

/* Begin PBXFileReference section */
		0207DA571B56EA530066E2B4 /* Images.xcassets */ = {isa = PBXFileReference; lastKnownFileType = folder.assetcatalog; name = Images.xcassets; path = "ionic-intune-test/Images.xcassets"; sourceTree = SOURCE_ROOT; };
		121E98959DA74DF88AAF3339 /* CDVIonicKeyboard.m */ = {isa = PBXFileReference; explicitFileType = undefined; fileEncoding = 4; includeInIndex = 0; lastKnownFileType = sourcecode.c.objc; name = CDVIonicKeyboard.m; path = "cordova-plugin-ionic-keyboard/CDVIonicKeyboard.m"; sourceTree = "<group>"; };
		1A3C407CEFB24354AAEB419D /* WebKit.framework */ = {isa = PBXFileReference; explicitFileType = undefined; fileEncoding = 9; includeInIndex = 0; lastKnownFileType = wrapper.framework; name = WebKit.framework; path = System/Library/Frameworks/WebKit.framework; sourceTree = SDKROOT; };
		1D6058910D05DD3D006BFB54 /* ionic-intune-test.app */ = {isa = PBXFileReference; explicitFileType = wrapper.application; includeInIndex = 0; path = "ionic-intune-test.app"; sourceTree = BUILT_PRODUCTS_DIR; };
		2121F537B9614CA4A8E021B3 /* CDVSplashScreen.m */ = {isa = PBXFileReference; explicitFileType = undefined; fileEncoding = 4; includeInIndex = 0; lastKnownFileType = sourcecode.c.objc; name = CDVSplashScreen.m; path = "cordova-plugin-splashscreen/CDVSplashScreen.m"; sourceTree = "<group>"; };
		29B97316FDCFA39411CA2CEA /* main.m */ = {isa = PBXFileReference; fileEncoding = 4; lastKnownFileType = sourcecode.c.objc; path = main.m; sourceTree = "<group>"; };
		301BF52D109A57CC0062928A /* CordovaLib.xcodeproj */ = {isa = PBXFileReference; lastKnownFileType = "wrapper.pb-project"; name = CordovaLib.xcodeproj; path = CordovaLib/CordovaLib.xcodeproj; sourceTree = "<group>"; };
		301BF56E109A69640062928A /* www */ = {isa = PBXFileReference; lastKnownFileType = folder; path = www; sourceTree = SOURCE_ROOT; };
		302D95EE14D2391D003F00A1 /* MainViewController.h */ = {isa = PBXFileReference; fileEncoding = 4; lastKnownFileType = sourcecode.c.h; path = MainViewController.h; sourceTree = "<group>"; };
		302D95EF14D2391D003F00A1 /* MainViewController.m */ = {isa = PBXFileReference; fileEncoding = 4; lastKnownFileType = sourcecode.c.objc; path = MainViewController.m; sourceTree = "<group>"; };
		302D95F014D2391D003F00A1 /* MainViewController.xib */ = {isa = PBXFileReference; fileEncoding = 4; lastKnownFileType = file.xib; path = MainViewController.xib; sourceTree = "<group>"; };
		3047A50F1AB8059700498E2A /* build-debug.xcconfig */ = {isa = PBXFileReference; fileEncoding = 4; lastKnownFileType = text.xcconfig; name = "build-debug.xcconfig"; path = "cordova/build-debug.xcconfig"; sourceTree = SOURCE_ROOT; };
		3047A5101AB8059700498E2A /* build-release.xcconfig */ = {isa = PBXFileReference; fileEncoding = 4; lastKnownFileType = text.xcconfig; name = "build-release.xcconfig"; path = "cordova/build-release.xcconfig"; sourceTree = SOURCE_ROOT; };
		3047A5111AB8059700498E2A /* build.xcconfig */ = {isa = PBXFileReference; fileEncoding = 4; lastKnownFileType = text.xcconfig; name = build.xcconfig; path = cordova/build.xcconfig; sourceTree = SOURCE_ROOT; };
		32CA4F630368D1EE00C91783 /* ionic-intune-test-Prefix.pch */ = {isa = PBXFileReference; fileEncoding = 4; lastKnownFileType = sourcecode.c.h; path = "ionic-intune-test-Prefix.pch"; sourceTree = "<group>"; };
		48498C659F4341F2B242569E /* CDVStatusBar.h */ = {isa = PBXFileReference; explicitFileType = undefined; fileEncoding = 4; includeInIndex = 0; lastKnownFileType = sourcecode.c.h; name = CDVStatusBar.h; path = "cordova-plugin-statusbar/CDVStatusBar.h"; sourceTree = "<group>"; };
		50778DBB2708E15C0032AA2F /* AppDelegate.h */ = {isa = PBXFileReference; lastKnownFileType = sourcecode.c.h; path = AppDelegate.h; sourceTree = "<group>"; };
		50778DBC2708E16C0032AA2F /* AppDelegate.m */ = {isa = PBXFileReference; lastKnownFileType = sourcecode.c.objc; path = AppDelegate.m; sourceTree = "<group>"; };
		67BE0467BB334689AD723F46 /* CDVDevice.m */ = {isa = PBXFileReference; explicitFileType = undefined; fileEncoding = 4; includeInIndex = 0; lastKnownFileType = sourcecode.c.objc; name = CDVDevice.m; path = "cordova-plugin-device/CDVDevice.m"; sourceTree = "<group>"; };
		6AFF5BF81D6E424B00AB3073 /* CDVLaunchScreen.storyboard */ = {isa = PBXFileReference; fileEncoding = 4; lastKnownFileType = file.storyboard; name = CDVLaunchScreen.storyboard; path = "ionic-intune-test/CDVLaunchScreen.storyboard"; sourceTree = SOURCE_ROOT; };
		717A8E9AC5304F85BC229907 /* CDVDevice.h */ = {isa = PBXFileReference; explicitFileType = undefined; fileEncoding = 4; includeInIndex = 0; lastKnownFileType = sourcecode.c.h; name = CDVDevice.h; path = "cordova-plugin-device/CDVDevice.h"; sourceTree = "<group>"; };
		7B2BFC155EC74E02927C3460 /* CDVStatusBar.m */ = {isa = PBXFileReference; explicitFileType = undefined; fileEncoding = 4; includeInIndex = 0; lastKnownFileType = sourcecode.c.objc; name = CDVStatusBar.m; path = "cordova-plugin-statusbar/CDVStatusBar.m"; sourceTree = "<group>"; };
		8D1107310486CEB800E47090 /* ionic-intune-test-Info.plist */ = {isa = PBXFileReference; fileEncoding = 4; lastKnownFileType = text.plist.xml; name = "ionic-intune-test-Info.plist"; path = "ionic-intune-test/ionic-intune-test-Info.plist"; plistStructureDefinitionIdentifier = "com.apple.xcode.plist.structure-definition.iphone.info-plist"; sourceTree = SOURCE_ROOT; };
		BB52F406CB5B4103924A64BF /* CDVViewController+SplashScreen.h */ = {isa = PBXFileReference; explicitFileType = undefined; fileEncoding = 4; includeInIndex = 0; lastKnownFileType = sourcecode.c.h; name = "CDVViewController+SplashScreen.h"; path = "cordova-plugin-splashscreen/CDVViewController+SplashScreen.h"; sourceTree = "<group>"; };
		D8AFF6C17C7B48748F031682 /* CDVViewController+SplashScreen.m */ = {isa = PBXFileReference; explicitFileType = undefined; fileEncoding = 4; includeInIndex = 0; lastKnownFileType = sourcecode.c.objc; name = "CDVViewController+SplashScreen.m"; path = "cordova-plugin-splashscreen/CDVViewController+SplashScreen.m"; sourceTree = "<group>"; };
		E8BDB5E039F544EA9CD319A6 /* CDVSplashScreen.h */ = {isa = PBXFileReference; explicitFileType = undefined; fileEncoding = 4; includeInIndex = 0; lastKnownFileType = sourcecode.c.h; name = CDVSplashScreen.h; path = "cordova-plugin-splashscreen/CDVSplashScreen.h"; sourceTree = "<group>"; };
		EB87FDF31871DA8E0020F90C /* www */ = {isa = PBXFileReference; lastKnownFileType = folder; name = www; path = ../../www; sourceTree = "<group>"; };
		EB87FDF41871DAF40020F90C /* config.xml */ = {isa = PBXFileReference; lastKnownFileType = text.xml; name = config.xml; path = ../../config.xml; sourceTree = "<group>"; };
		ED33DF2A687741AEAF9F8254 /* Bridging-Header.h */ = {isa = PBXFileReference; fileEncoding = 4; lastKnownFileType = sourcecode.c.h; path = "Bridging-Header.h"; sourceTree = "<group>"; };
		F840E1F0165FE0F500CFE078 /* config.xml */ = {isa = PBXFileReference; lastKnownFileType = text.xml; name = config.xml; path = "ionic-intune-test/config.xml"; sourceTree = "<group>"; };
		F904E28D1C9A4E9DA464413B /* CDVIonicKeyboard.h */ = {isa = PBXFileReference; explicitFileType = undefined; fileEncoding = 4; includeInIndex = 0; lastKnownFileType = sourcecode.c.h; name = CDVIonicKeyboard.h; path = "cordova-plugin-ionic-keyboard/CDVIonicKeyboard.h"; sourceTree = "<group>"; };
		6A9EFB588CD5475D99683016 /* EnrollmentDelegate.swift */ = {isa = PBXFileReference; name = "EnrollmentDelegate.swift"; path = "@ionic-enterprise/intune/EnrollmentDelegate.swift"; sourceTree = "<group>"; fileEncoding = 4; lastKnownFileType = sourcecode.swift; explicitFileType = undefined; includeInIndex = 0; };
		C733FDD5C1E045459FD2ACE5 /* PolicyDelegate.swift */ = {isa = PBXFileReference; name = "PolicyDelegate.swift"; path = "@ionic-enterprise/intune/PolicyDelegate.swift"; sourceTree = "<group>"; fileEncoding = 4; lastKnownFileType = sourcecode.swift; explicitFileType = undefined; includeInIndex = 0; };
		F69B06CD17C14CF39690468B /* IntunePlugin.swift */ = {isa = PBXFileReference; name = "IntunePlugin.swift"; path = "@ionic-enterprise/intune/IntunePlugin.swift"; sourceTree = "<group>"; fileEncoding = 4; lastKnownFileType = sourcecode.swift; explicitFileType = undefined; includeInIndex = 0; };
		CB59D29BD98A45CEB47ABC4A /* CAPPlugin.h */ = {isa = PBXFileReference; name = "CAPPlugin.h"; path = "@ionic-enterprise/intune/CAPPlugin.h"; sourceTree = "<group>"; fileEncoding = 4; lastKnownFileType = sourcecode.c.h; explicitFileType = undefined; includeInIndex = 0; };
		42CB621FEE3D49EB8578B419 /* CAPPlugin.m */ = {isa = PBXFileReference; name = "CAPPlugin.m"; path = "@ionic-enterprise/intune/CAPPlugin.m"; sourceTree = "<group>"; fileEncoding = 4; lastKnownFileType = sourcecode.c.objc; explicitFileType = undefined; includeInIndex = 0; };
		012C5FF9660A48E9B616E657 /* CAPPluginCall.h */ = {isa = PBXFileReference; name = "CAPPluginCall.h"; path = "@ionic-enterprise/intune/CAPPluginCall.h"; sourceTree = "<group>"; fileEncoding = 4; lastKnownFileType = sourcecode.c.h; explicitFileType = undefined; includeInIndex = 0; };
		57A6321F6F174E6A80C4D62F /* CAPPluginCall.m */ = {isa = PBXFileReference; name = "CAPPluginCall.m"; path = "@ionic-enterprise/intune/CAPPluginCall.m"; sourceTree = "<group>"; fileEncoding = 4; lastKnownFileType = sourcecode.c.objc; explicitFileType = undefined; includeInIndex = 0; };
		B4384C7F370B4C7CAF71CC1C /* CAPPluginCall.swift */ = {isa = PBXFileReference; name = "CAPPluginCall.swift"; path = "@ionic-enterprise/intune/CAPPluginCall.swift"; sourceTree = "<group>"; fileEncoding = 4; lastKnownFileType = sourcecode.swift; explicitFileType = undefined; includeInIndex = 0; };
		1A080BE2E8B84490B34668F3 /* CAPCordovaCompat-Bridging-Header.h */ = {isa = PBXFileReference; name = "CAPCordovaCompat-Bridging-Header.h"; path = "@ionic-enterprise/intune/CAPCordovaCompat-Bridging-Header.h"; sourceTree = "<group>"; fileEncoding = 4; lastKnownFileType = sourcecode.c.h; explicitFileType = undefined; includeInIndex = 0; };
		90A2D8EA428842D6ACB16C40 /* IntuneMAMSwift.xcframework */ = {isa = PBXFileReference; name = "IntuneMAMSwift.xcframework"; path = "ionic-intune-test/Plugins/@ionic-enterprise/intune/IntuneMAMSwift.xcframework"; sourceTree = "<group>"; fileEncoding = undefined; lastKnownFileType = unknown; explicitFileType = undefined; includeInIndex = 0; };
		6718A24F0BCE4CDF90C318E5 /* IntuneMAMSwiftStub.xcframework */ = {isa = PBXFileReference; name = "IntuneMAMSwiftStub.xcframework"; path = "ionic-intune-test/Plugins/@ionic-enterprise/intune/IntuneMAMSwiftStub.xcframework"; sourceTree = "<group>"; fileEncoding = undefined; lastKnownFileType = unknown; explicitFileType = undefined; includeInIndex = 0; };
		E379C9051CAE472899CA722B /* MSAL.xcframework */ = {isa = PBXFileReference; name = "MSAL.xcframework"; path = "ionic-intune-test/Plugins/@ionic-enterprise/intune/MSAL.xcframework"; sourceTree = "<group>"; fileEncoding = undefined; lastKnownFileType = unknown; explicitFileType = undefined; includeInIndex = 0; };
		3C608E88277B4F7E89C87159 /* AudioToolbox.framework */ = {isa = PBXFileReference; name = "AudioToolbox.framework"; path = "System/Library/Frameworks/AudioToolbox.framework"; sourceTree = SDKROOT; fileEncoding = undefined; lastKnownFileType = wrapper.framework; explicitFileType = undefined; includeInIndex = 0; };
		B99DB10C170A4F4BBD545535 /* CoreServices.framework */ = {isa = PBXFileReference; name = "CoreServices.framework"; path = "System/Library/Frameworks/CoreServices.framework"; sourceTree = SDKROOT; fileEncoding = undefined; lastKnownFileType = wrapper.framework; explicitFileType = undefined; includeInIndex = 0; };
		2659F0DEDD5641F7A37D9206 /* ImageIO.framework */ = {isa = PBXFileReference; name = "ImageIO.framework"; path = "System/Library/Frameworks/ImageIO.framework"; sourceTree = SDKROOT; fileEncoding = undefined; lastKnownFileType = wrapper.framework; explicitFileType = undefined; includeInIndex = 0; };
		9A947E9C1E3B4EA2A268A102 /* libc++.tbd */ = {isa = PBXFileReference; name = "libc++.tbd"; path = "usr/lib/libc++.tbd"; sourceTree = SDKROOT; fileEncoding = undefined; lastKnownFileType = sourcecode.text-based-dylib-definition; explicitFileType = undefined; includeInIndex = 0; };
		1B69489EF3C04E0B8FD68084 /* libsqlite3.tbd */ = {isa = PBXFileReference; name = "libsqlite3.tbd"; path = "usr/lib/libsqlite3.tbd"; sourceTree = SDKROOT; fileEncoding = undefined; lastKnownFileType = sourcecode.text-based-dylib-definition; explicitFileType = undefined; includeInIndex = 0; };
		809FA7A980D94B0B8B3BB306 /* LocalAuthentication.framework */ = {isa = PBXFileReference; name = "LocalAuthentication.framework"; path = "System/Library/Frameworks/LocalAuthentication.framework"; sourceTree = SDKROOT; fileEncoding = undefined; lastKnownFileType = wrapper.framework; explicitFileType = undefined; includeInIndex = 0; };
		3F5DEFDD124C4C07826CC5F3 /* MessageUI.framework */ = {isa = PBXFileReference; name = "MessageUI.framework"; path = "System/Library/Frameworks/MessageUI.framework"; sourceTree = SDKROOT; fileEncoding = undefined; lastKnownFileType = wrapper.framework; explicitFileType = undefined; includeInIndex = 0; };
		29BB39D5349047468BFDD669 /* QuartzCore.framework */ = {isa = PBXFileReference; name = "QuartzCore.framework"; path = "System/Library/Frameworks/QuartzCore.framework"; sourceTree = SDKROOT; fileEncoding = undefined; lastKnownFileType = wrapper.framework; explicitFileType = undefined; includeInIndex = 0; };
		1E419F0609C34A8AB187D0BD /* Security.framework */ = {isa = PBXFileReference; name = "Security.framework"; path = "System/Library/Frameworks/Security.framework"; sourceTree = SDKROOT; fileEncoding = undefined; lastKnownFileType = wrapper.framework; explicitFileType = undefined; includeInIndex = 0; };
		BE500E297C5B46E8AD103CAC /* SystemConfiguration.framework */ = {isa = PBXFileReference; name = "SystemConfiguration.framework"; path = "System/Library/Frameworks/SystemConfiguration.framework"; sourceTree = SDKROOT; fileEncoding = undefined; lastKnownFileType = wrapper.framework; explicitFileType = undefined; includeInIndex = 0; };
		C0975A2BB8BE4256AE920E24 /* CDVWKWebViewEngine.m */ = {isa = PBXFileReference; name = "CDVWKWebViewEngine.m"; path = "cordova-plugin-ionic-webview/CDVWKWebViewEngine.m"; sourceTree = "<group>"; fileEncoding = 4; lastKnownFileType = sourcecode.c.objc; explicitFileType = undefined; includeInIndex = 0; };
		23A7108D05C542BFB717D7AD /* CDVWKWebViewUIDelegate.m */ = {isa = PBXFileReference; name = "CDVWKWebViewUIDelegate.m"; path = "cordova-plugin-ionic-webview/CDVWKWebViewUIDelegate.m"; sourceTree = "<group>"; fileEncoding = 4; lastKnownFileType = sourcecode.c.objc; explicitFileType = undefined; includeInIndex = 0; };
		69848DB4977C4AE6BB52F6C1 /* CDVWKProcessPoolFactory.m */ = {isa = PBXFileReference; name = "CDVWKProcessPoolFactory.m"; path = "cordova-plugin-ionic-webview/CDVWKProcessPoolFactory.m"; sourceTree = "<group>"; fileEncoding = 4; lastKnownFileType = sourcecode.c.objc; explicitFileType = undefined; includeInIndex = 0; };
		9A8CC8B9EF7047FE9F431101 /* IONAssetHandler.m */ = {isa = PBXFileReference; name = "IONAssetHandler.m"; path = "cordova-plugin-ionic-webview/IONAssetHandler.m"; sourceTree = "<group>"; fileEncoding = 4; lastKnownFileType = sourcecode.c.objc; explicitFileType = undefined; includeInIndex = 0; };
		5CC0331C8EC040649FB62474 /* CDVWKWebViewEngine.h */ = {isa = PBXFileReference; name = "CDVWKWebViewEngine.h"; path = "cordova-plugin-ionic-webview/CDVWKWebViewEngine.h"; sourceTree = "<group>"; fileEncoding = 4; lastKnownFileType = sourcecode.c.h; explicitFileType = undefined; includeInIndex = 0; };
		D94F1B96FCBB4AC492789DBF /* CDVWKWebViewUIDelegate.h */ = {isa = PBXFileReference; name = "CDVWKWebViewUIDelegate.h"; path = "cordova-plugin-ionic-webview/CDVWKWebViewUIDelegate.h"; sourceTree = "<group>"; fileEncoding = 4; lastKnownFileType = sourcecode.c.h; explicitFileType = undefined; includeInIndex = 0; };
		5AF3471042CE4BAFADC8095C /* CDVWKProcessPoolFactory.h */ = {isa = PBXFileReference; name = "CDVWKProcessPoolFactory.h"; path = "cordova-plugin-ionic-webview/CDVWKProcessPoolFactory.h"; sourceTree = "<group>"; fileEncoding = 4; lastKnownFileType = sourcecode.c.h; explicitFileType = undefined; includeInIndex = 0; };
		5AD8C39884414CD18E1CE90E /* IONAssetHandler.h */ = {isa = PBXFileReference; name = "IONAssetHandler.h"; path = "cordova-plugin-ionic-webview/IONAssetHandler.h"; sourceTree = "<group>"; fileEncoding = 4; lastKnownFileType = sourcecode.c.h; explicitFileType = undefined; includeInIndex = 0; };
/* End PBXFileReference section */

/* Begin PBXFrameworksBuildPhase section */
		1D60588F0D05DD3D006BFB54 /* Frameworks */ = {
			isa = PBXFrameworksBuildPhase;
			buildActionMask = 2147483647;
			files = (
				301BF552109A68D80062928A /* libCordova.a in Frameworks */,
				32213806FD9E48638862A3A1 /* WebKit.framework in Frameworks */,
				E75F691345364ECB8023816B /* AudioToolbox.framework in Frameworks */,
				B562FF0FED294C7FBDFB3D60 /* CoreServices.framework in Frameworks */,
				98CC5C62D914452B9AF6293E /* ImageIO.framework in Frameworks */,
				F4859632961A4F5CAE8533B2 /* libc++.tbd in Frameworks */,
				68318F5C3B714FB68F57AD78 /* libsqlite3.tbd in Frameworks */,
				EC10F402A9E444DE8D16E791 /* LocalAuthentication.framework in Frameworks */,
				FEFA77D17BFD4F608E33C061 /* MessageUI.framework in Frameworks */,
				A441ACAE9F4742C2B321499F /* QuartzCore.framework in Frameworks */,
				D0E36080595A4424B5A0FDA7 /* Security.framework in Frameworks */,
				E7EBF84A41844C18A73D1BF0 /* SystemConfiguration.framework in Frameworks */,
			);
			runOnlyForDeploymentPostprocessing = 0;
		};
/* End PBXFrameworksBuildPhase section */

/* Begin PBXGroup section */
		080E96DDFE201D6D7F000001 /* Classes */ = {
			isa = PBXGroup;
			children = (
				302D95EE14D2391D003F00A1 /* MainViewController.h */,
				302D95EF14D2391D003F00A1 /* MainViewController.m */,
				302D95F014D2391D003F00A1 /* MainViewController.xib */,
				50778DBB2708E15C0032AA2F /* AppDelegate.h */,
				50778DBC2708E16C0032AA2F /* AppDelegate.m */,
			);
			name = Classes;
			path = "ionic-intune-test/Classes";
			sourceTree = SOURCE_ROOT;
		};
		19C28FACFE9D520D11CA2CBB /* Products */ = {
			isa = PBXGroup;
			children = (
				1D6058910D05DD3D006BFB54 /* ionic-intune-test.app */,
			);
			name = Products;
			sourceTree = "<group>";
		};
		29B97314FDCFA39411CA2CEA /* CustomTemplate */ = {
			isa = PBXGroup;
			children = (
				EB87FDF41871DAF40020F90C /* config.xml */,
				EB87FDF31871DA8E0020F90C /* www */,
				EB87FDF11871DA420020F90C /* Staging */,
				301BF52D109A57CC0062928A /* CordovaLib.xcodeproj */,
				080E96DDFE201D6D7F000001 /* Classes */,
				307C750510C5A3420062BCA9 /* Plugins */,
				29B97315FDCFA39411CA2CEA /* Other Sources */,
				29B97317FDCFA39411CA2CEA /* Resources */,
				29B97323FDCFA39411CA2CEA /* Frameworks */,
				19C28FACFE9D520D11CA2CBB /* Products */,
			);
			name = CustomTemplate;
			sourceTree = "<group>";
		};
		29B97315FDCFA39411CA2CEA /* Other Sources */ = {
			isa = PBXGroup;
			children = (
				32CA4F630368D1EE00C91783 /* ionic-intune-test-Prefix.pch */,
				29B97316FDCFA39411CA2CEA /* main.m */,
				ED33DF2A687741AEAF9F8254 /* Bridging-Header.h */,
			);
			name = "Other Sources";
			path = "ionic-intune-test";
			sourceTree = "<group>";
		};
		29B97317FDCFA39411CA2CEA /* Resources */ = {
			isa = PBXGroup;
			children = (
				0207DA571B56EA530066E2B4 /* Images.xcassets */,
				3047A50E1AB8057F00498E2A /* config */,
				8D1107310486CEB800E47090 /* ionic-intune-test-Info.plist */,
				6AFF5BF81D6E424B00AB3073 /* CDVLaunchScreen.storyboard */,
			);
			name = Resources;
			path = "ionic-intune-test/Resources";
			sourceTree = "<group>";
		};
		29B97323FDCFA39411CA2CEA /* Frameworks */ = {
			isa = PBXGroup;
			children = (
				1A3C407CEFB24354AAEB419D /* WebKit.framework */,
				90A2D8EA428842D6ACB16C40 /* IntuneMAMSwift.xcframework */,
				6718A24F0BCE4CDF90C318E5 /* IntuneMAMSwiftStub.xcframework */,
				E379C9051CAE472899CA722B /* MSAL.xcframework */,
				3C608E88277B4F7E89C87159 /* AudioToolbox.framework */,
				B99DB10C170A4F4BBD545535 /* CoreServices.framework */,
				2659F0DEDD5641F7A37D9206 /* ImageIO.framework */,
				9A947E9C1E3B4EA2A268A102 /* libc++.tbd */,
				1B69489EF3C04E0B8FD68084 /* libsqlite3.tbd */,
				809FA7A980D94B0B8B3BB306 /* LocalAuthentication.framework */,
				3F5DEFDD124C4C07826CC5F3 /* MessageUI.framework */,
				29BB39D5349047468BFDD669 /* QuartzCore.framework */,
				1E419F0609C34A8AB187D0BD /* Security.framework */,
				BE500E297C5B46E8AD103CAC /* SystemConfiguration.framework */,
			);
			name = Frameworks;
			sourceTree = "<group>";
		};
		301BF52E109A57CC0062928A /* Products */ = {
			isa = PBXGroup;
			children = (
				301BF535109A57CC0062928A /* libCordova.a */,
				907D8124214C687600058A10 /* Cordova.framework */,
			);
			name = Products;
			sourceTree = "<group>";
		};
		3047A50E1AB8057F00498E2A /* config */ = {
			isa = PBXGroup;
			children = (
				3047A50F1AB8059700498E2A /* build-debug.xcconfig */,
				3047A5101AB8059700498E2A /* build-release.xcconfig */,
				3047A5111AB8059700498E2A /* build.xcconfig */,
			);
			name = config;
			sourceTree = "<group>";
		};
		307C750510C5A3420062BCA9 /* Plugins */ = {
			isa = PBXGroup;
			children = (
				7B2BFC155EC74E02927C3460 /* CDVStatusBar.m */,
				48498C659F4341F2B242569E /* CDVStatusBar.h */,
				67BE0467BB334689AD723F46 /* CDVDevice.m */,
				717A8E9AC5304F85BC229907 /* CDVDevice.h */,
				2121F537B9614CA4A8E021B3 /* CDVSplashScreen.m */,
				D8AFF6C17C7B48748F031682 /* CDVViewController+SplashScreen.m */,
				E8BDB5E039F544EA9CD319A6 /* CDVSplashScreen.h */,
				BB52F406CB5B4103924A64BF /* CDVViewController+SplashScreen.h */,
				121E98959DA74DF88AAF3339 /* CDVIonicKeyboard.m */,
				F904E28D1C9A4E9DA464413B /* CDVIonicKeyboard.h */,
				6A9EFB588CD5475D99683016 /* EnrollmentDelegate.swift */,
				C733FDD5C1E045459FD2ACE5 /* PolicyDelegate.swift */,
				F69B06CD17C14CF39690468B /* IntunePlugin.swift */,
				CB59D29BD98A45CEB47ABC4A /* CAPPlugin.h */,
				42CB621FEE3D49EB8578B419 /* CAPPlugin.m */,
				012C5FF9660A48E9B616E657 /* CAPPluginCall.h */,
				57A6321F6F174E6A80C4D62F /* CAPPluginCall.m */,
				B4384C7F370B4C7CAF71CC1C /* CAPPluginCall.swift */,
				1A080BE2E8B84490B34668F3 /* CAPCordovaCompat-Bridging-Header.h */,
				C0975A2BB8BE4256AE920E24 /* CDVWKWebViewEngine.m */,
				23A7108D05C542BFB717D7AD /* CDVWKWebViewUIDelegate.m */,
				69848DB4977C4AE6BB52F6C1 /* CDVWKProcessPoolFactory.m */,
				9A8CC8B9EF7047FE9F431101 /* IONAssetHandler.m */,
				5CC0331C8EC040649FB62474 /* CDVWKWebViewEngine.h */,
				D94F1B96FCBB4AC492789DBF /* CDVWKWebViewUIDelegate.h */,
				5AF3471042CE4BAFADC8095C /* CDVWKProcessPoolFactory.h */,
				5AD8C39884414CD18E1CE90E /* IONAssetHandler.h */,
			);
			name = Plugins;
			path = "ionic-intune-test/Plugins";
			sourceTree = SOURCE_ROOT;
		};
		EB87FDF11871DA420020F90C /* Staging */ = {
			isa = PBXGroup;
			children = (
				F840E1F0165FE0F500CFE078 /* config.xml */,
				301BF56E109A69640062928A /* www */,
			);
			name = Staging;
			sourceTree = "<group>";
		};
/* End PBXGroup section */

/* Begin PBXNativeTarget section */
		1D6058900D05DD3D006BFB54 /* ionic-intune-test */ = {
			isa = PBXNativeTarget;
			buildConfigurationList = 1D6058960D05DD3E006BFB54 /* Build configuration list for PBXNativeTarget "ionic-intune-test" */;
			buildPhases = (
				304B58A110DAC018002A0835 /* Copy www directory */,
				1D60588D0D05DD3D006BFB54 /* Resources */,
				1D60588E0D05DD3D006BFB54 /* Sources */,
				1D60588F0D05DD3D006BFB54 /* Frameworks */,
				1AF5EEC9ECE74431B020AD77 /* Embed Frameworks */,
			);
			buildRules = (
			);
			dependencies = (
				301BF551109A68C00062928A /* PBXTargetDependency */,
			);
			name = "ionic-intune-test";
			productName = "ionic-intune-test";
			productReference = 1D6058910D05DD3D006BFB54 /* ionic-intune-test.app */;
			productType = "com.apple.product-type.application";
		};
/* End PBXNativeTarget section */

/* Begin PBXProject section */
		29B97313FDCFA39411CA2CEA /* Project object */ = {
			isa = PBXProject;
			attributes = {
				LastUpgradeCheck = 1130;
				TargetAttributes = {
					1D6058900D05DD3D006BFB54 = {
						ProvisioningStyle = Automatic;
					};
				};
			};
			buildConfigurationList = C01FCF4E08A954540054247B /* Build configuration list for PBXProject "ionic-intune-test" */;
			compatibilityVersion = "Xcode 11.0";
			developmentRegion = en;
			hasScannedForEncodings = 1;
			knownRegions = (
				en,
				Base,
			);
			mainGroup = 29B97314FDCFA39411CA2CEA /* CustomTemplate */;
			projectDirPath = "";
			projectReferences = (
				{
					ProductGroup = 301BF52E109A57CC0062928A /* Products */;
					ProjectRef = 301BF52D109A57CC0062928A /* CordovaLib.xcodeproj */;
				},
			);
			projectRoot = "";
			targets = (
				1D6058900D05DD3D006BFB54 /* ionic-intune-test */,
			);
		};
/* End PBXProject section */

/* Begin PBXReferenceProxy section */
		301BF535109A57CC0062928A /* libCordova.a */ = {
			isa = PBXReferenceProxy;
			fileType = archive.ar;
			path = libCordova.a;
			remoteRef = 301BF534109A57CC0062928A /* PBXContainerItemProxy */;
			sourceTree = BUILT_PRODUCTS_DIR;
		};
		907D8124214C687600058A10 /* Cordova.framework */ = {
			isa = PBXReferenceProxy;
			fileType = wrapper.framework;
			path = Cordova.framework;
			remoteRef = 907D8123214C687600058A10 /* PBXContainerItemProxy */;
			sourceTree = BUILT_PRODUCTS_DIR;
		};
/* End PBXReferenceProxy section */

/* Begin PBXResourcesBuildPhase section */
		1D60588D0D05DD3D006BFB54 /* Resources */ = {
			isa = PBXResourcesBuildPhase;
			buildActionMask = 2147483647;
			files = (
				302D95F214D2391D003F00A1 /* MainViewController.xib in Resources */,
				0207DA581B56EA530066E2B4 /* Images.xcassets in Resources */,
				6AFF5BF91D6E424B00AB3073 /* CDVLaunchScreen.storyboard in Resources */,
			);
			runOnlyForDeploymentPostprocessing = 0;
		};
/* End PBXResourcesBuildPhase section */

/* Begin PBXShellScriptBuildPhase section */
		304B58A110DAC018002A0835 /* Copy www directory */ = {
			isa = PBXShellScriptBuildPhase;
			buildActionMask = 2147483647;
			files = (
			);
			inputPaths = (
			);
			name = "Copy www directory";
			outputPaths = (
			);
			runOnlyForDeploymentPostprocessing = 0;
			shellPath = /bin/sh;
			shellScript = "\"$SRCROOT/ionic-intune-test/Scripts/copy-www-build-step.sh\"";
			showEnvVarsInLog = 0;
		};
/* End PBXShellScriptBuildPhase section */

/* Begin PBXSourcesBuildPhase section */
		1D60588E0D05DD3D006BFB54 /* Sources */ = {
			isa = PBXSourcesBuildPhase;
			buildActionMask = 2147483647;
			files = (
				1D60589B0D05DD56006BFB54 /* main.m in Sources */,
				302D95F114D2391D003F00A1 /* MainViewController.m in Sources */,
				F56B317B05984C62B33082AA /* CDVStatusBar.m in Sources */,
				9549ED44B83F47F9AFC8161B /* CDVDevice.m in Sources */,
				50EE50203EC747B0990599DC /* CDVSplashScreen.m in Sources */,
				CF2AA71A37E84F90BAA7A6EA /* CDVViewController+SplashScreen.m in Sources */,
				54B0F5E8B5584F0E8790FAA2 /* CDVIonicKeyboard.m in Sources */,
				8AB6F64B1CC94934AAEAD5CE /* CAPPlugin.h in Sources */,
				EC079B757DAE459D8EBE6706 /* CAPPluginCall.h in Sources */,
				50778DBD2708E16C0032AA2F /* AppDelegate.m in Sources */,
				7ABFA5364DCC410FBAB48D84 /* EnrollmentDelegate.swift in Sources */,
				F7048C9BC6E846AC824EDDE4 /* PolicyDelegate.swift in Sources */,
				575F0EEB43F34FEF96364649 /* IntunePlugin.swift in Sources */,
				1C0AF609F29E4C48BFD28E39 /* CAPPlugin.h in Resources */,
				B472FAE32AB841D9A89F6203 /* CAPPlugin.m in Sources */,
				310AE5C8418045F8B292FA3D /* CAPPluginCall.h in Resources */,
				B34CA0A7CF564C2EAA5A775A /* CAPPluginCall.m in Sources */,
				06FFB9A50E5E4DADAFBB3733 /* CAPPluginCall.swift in Sources */,
				2DAC7FFA71AC4BCDA3070FA7 /* CDVWKWebViewEngine.m in Sources */,
				AF659A86E316475689C5525B /* CDVWKWebViewUIDelegate.m in Sources */,
				896381FF128F482C91CE13C9 /* CDVWKProcessPoolFactory.m in Sources */,
				327650BEF9FD4373A327FF71 /* IONAssetHandler.m in Sources */,
			);
			runOnlyForDeploymentPostprocessing = 0;
		};
/* End PBXSourcesBuildPhase section */

/* Begin PBXTargetDependency section */
		301BF551109A68C00062928A /* PBXTargetDependency */ = {
			isa = PBXTargetDependency;
			name = CordovaLib;
			targetProxy = 301BF550109A68C00062928A /* PBXContainerItemProxy */;
		};
/* End PBXTargetDependency section */

/* Begin XCBuildConfiguration section */
		1D6058940D05DD3E006BFB54 /* Debug */ = {
			isa = XCBuildConfiguration;
			baseConfigurationReference = 3047A50F1AB8059700498E2A /* build-debug.xcconfig */;
			buildSettings = {
				ALWAYS_EMBED_SWIFT_STANDARD_LIBRARIES = YES;
				ALWAYS_SEARCH_USER_PATHS = NO;
				ASSETCATALOG_COMPILER_APPICON_NAME = AppIcon;
				CLANG_ENABLE_MODULES = YES;
				CLANG_ENABLE_OBJC_ARC = YES;
				COPY_PHASE_STRIP = NO;
				FRAMEWORK_SEARCH_PATHS = (
					"$(inherited)",
					"\"ionic-intune-test/Plugins/@ionic-enterprise/intune\"",
					"\"ionic-intune-test/Plugins/@ionic-enterprise/intune\"",
					"\"ionic-intune-test/Plugins/@ionic-enterprise/intune\"",
					"\"ionic-intune-test/Plugins/@ionic-enterprise/intune\"",
					"\"ionic-intune-test/Plugins/@ionic-enterprise/intune\"",
					"\"ionic-intune-test/Plugins/@ionic-enterprise/intune\"",
					"\"ionic-intune-test/Plugins/@ionic-enterprise/intune\"",
					"\"ionic-intune-test/Plugins/@ionic-enterprise/intune\"",
					"\"ionic-intune-test/Plugins/@ionic-enterprise/intune\"",
					"\"ionic-intune-test/Plugins/@ionic-enterprise/intune\"",
					"\"ionic-intune-test/Plugins/@ionic-enterprise/intune\"",
					"\"ionic-intune-test/Plugins/@ionic-enterprise/intune\"",
					"\"ionic-intune-test/Plugins/@ionic-enterprise/intune\"",
					"\"ionic-intune-test/Plugins/@ionic-enterprise/intune\"",
					"\"ionic-intune-test/Plugins/@ionic-enterprise/intune\"",
					"\"ionic-intune-test/Plugins/@ionic-enterprise/intune\"",
					"\"ionic-intune-test/Plugins/@ionic-enterprise/intune\"",
					"\"ionic-intune-test/Plugins/@ionic-enterprise/intune\"",
					"\"ionic-intune-test/Plugins/@ionic-enterprise/intune\"",
					"\"ionic-intune-test/Plugins/@ionic-enterprise/intune\"",
					"\"ionic-intune-test/Plugins/@ionic-enterprise/intune\"",
					"\"ionic-intune-test/Plugins/@ionic-enterprise/intune\"",
					"\"ionic-intune-test/Plugins/@ionic-enterprise/intune\"",
					"\"ionic-intune-test/Plugins/@ionic-enterprise/intune\"",
					"\"ionic-intune-test/Plugins/@ionic-enterprise/intune\"",
					"\"ionic-intune-test/Plugins/@ionic-enterprise/intune\"",
				);
				GCC_DYNAMIC_NO_PIC = NO;
				GCC_OPTIMIZATION_LEVEL = 0;
				GCC_PRECOMPILE_PREFIX_HEADER = YES;
				GCC_PREFIX_HEADER = "ionic-intune-test/ionic-intune-test-Prefix.pch";
				GCC_THUMB_SUPPORT = NO;
				GCC_VERSION = "";
				INFOPLIST_FILE = "ionic-intune-test/ionic-intune-test-Info.plist";
				IPHONEOS_DEPLOYMENT_TARGET = 11.0;
				LD_RUNPATH_SEARCH_PATHS = "@executable_path/Frameworks";
				PRODUCT_BUNDLE_IDENTIFIER = io.ionic.starter;
				PRODUCT_NAME = "$(TARGET_NAME)";
				STRIP_SWIFT_SYMBOLS = NO;
				SWIFT_OBJC_BRIDGING_HEADER = "$(PROJECT_DIR)/$(PROJECT_NAME)/Bridging-Header.h";
				SWIFT_OPTIMIZATION_LEVEL = "-Onone";
				SWIFT_VERSION = 4.0;
				TARGETED_DEVICE_FAMILY = "1,2";
				VALIDATE_WORKSPACE = NO;
			};
			name = Debug;
		};
		1D6058950D05DD3E006BFB54 /* Release */ = {
			isa = XCBuildConfiguration;
			baseConfigurationReference = 3047A5101AB8059700498E2A /* build-release.xcconfig */;
			buildSettings = {
				ALWAYS_EMBED_SWIFT_STANDARD_LIBRARIES = YES;
				ALWAYS_SEARCH_USER_PATHS = NO;
				ASSETCATALOG_COMPILER_APPICON_NAME = AppIcon;
				CLANG_ENABLE_MODULES = YES;
				CLANG_ENABLE_OBJC_ARC = YES;
				COPY_PHASE_STRIP = YES;
				FRAMEWORK_SEARCH_PATHS = (
					"$(inherited)",
					"\"ionic-intune-test/Plugins/@ionic-enterprise/intune\"",
					"\"ionic-intune-test/Plugins/@ionic-enterprise/intune\"",
					"\"ionic-intune-test/Plugins/@ionic-enterprise/intune\"",
					"\"ionic-intune-test/Plugins/@ionic-enterprise/intune\"",
					"\"ionic-intune-test/Plugins/@ionic-enterprise/intune\"",
					"\"ionic-intune-test/Plugins/@ionic-enterprise/intune\"",
					"\"ionic-intune-test/Plugins/@ionic-enterprise/intune\"",
					"\"ionic-intune-test/Plugins/@ionic-enterprise/intune\"",
					"\"ionic-intune-test/Plugins/@ionic-enterprise/intune\"",
					"\"ionic-intune-test/Plugins/@ionic-enterprise/intune\"",
					"\"ionic-intune-test/Plugins/@ionic-enterprise/intune\"",
					"\"ionic-intune-test/Plugins/@ionic-enterprise/intune\"",
					"\"ionic-intune-test/Plugins/@ionic-enterprise/intune\"",
					"\"ionic-intune-test/Plugins/@ionic-enterprise/intune\"",
					"\"ionic-intune-test/Plugins/@ionic-enterprise/intune\"",
					"\"ionic-intune-test/Plugins/@ionic-enterprise/intune\"",
					"\"ionic-intune-test/Plugins/@ionic-enterprise/intune\"",
					"\"ionic-intune-test/Plugins/@ionic-enterprise/intune\"",
					"\"ionic-intune-test/Plugins/@ionic-enterprise/intune\"",
					"\"ionic-intune-test/Plugins/@ionic-enterprise/intune\"",
					"\"ionic-intune-test/Plugins/@ionic-enterprise/intune\"",
					"\"ionic-intune-test/Plugins/@ionic-enterprise/intune\"",
					"\"ionic-intune-test/Plugins/@ionic-enterprise/intune\"",
					"\"ionic-intune-test/Plugins/@ionic-enterprise/intune\"",
					"\"ionic-intune-test/Plugins/@ionic-enterprise/intune\"",
					"\"ionic-intune-test/Plugins/@ionic-enterprise/intune\"",
				);
				GCC_PRECOMPILE_PREFIX_HEADER = YES;
				GCC_PREFIX_HEADER = "ionic-intune-test/ionic-intune-test-Prefix.pch";
				GCC_THUMB_SUPPORT = NO;
				GCC_VERSION = "";
				INFOPLIST_FILE = "ionic-intune-test/ionic-intune-test-Info.plist";
				IPHONEOS_DEPLOYMENT_TARGET = 11.0;
				LD_RUNPATH_SEARCH_PATHS = "@executable_path/Frameworks";
				PRODUCT_BUNDLE_IDENTIFIER = io.ionic.starter;
				PRODUCT_NAME = "$(TARGET_NAME)";
				STRIP_SWIFT_SYMBOLS = NO;
				SWIFT_OBJC_BRIDGING_HEADER = "$(PROJECT_DIR)/$(PROJECT_NAME)/Bridging-Header.h";
				SWIFT_VERSION = 4.0;
				TARGETED_DEVICE_FAMILY = "1,2";
				VALIDATE_WORKSPACE = NO;
			};
			name = Release;
		};
		C01FCF4F08A954540054247B /* Debug */ = {
			isa = XCBuildConfiguration;
			baseConfigurationReference = 3047A5111AB8059700498E2A /* build.xcconfig */;
			buildSettings = {
				ALWAYS_EMBED_SWIFT_STANDARD_LIBRARIES = YES;
				CLANG_ANALYZER_LOCALIZABILITY_NONLOCALIZED = YES;
				CLANG_ENABLE_MODULES = YES;
				CLANG_ENABLE_OBJC_ARC = YES;
				CLANG_WARN_BLOCK_CAPTURE_AUTORELEASING = YES;
				CLANG_WARN_BOOL_CONVERSION = YES;
				CLANG_WARN_COMMA = YES;
				CLANG_WARN_CONSTANT_CONVERSION = YES;
				CLANG_WARN_DEPRECATED_OBJC_IMPLEMENTATIONS = YES;
				CLANG_WARN_EMPTY_BODY = YES;
				CLANG_WARN_ENUM_CONVERSION = YES;
				CLANG_WARN_INFINITE_RECURSION = YES;
				CLANG_WARN_INT_CONVERSION = YES;
				CLANG_WARN_NON_LITERAL_NULL_CONVERSION = YES;
				CLANG_WARN_OBJC_IMPLICIT_RETAIN_SELF = YES;
				CLANG_WARN_OBJC_LITERAL_CONVERSION = YES;
				CLANG_WARN_RANGE_LOOP_ANALYSIS = YES;
				CLANG_WARN_STRICT_PROTOTYPES = YES;
				CLANG_WARN_SUSPICIOUS_MOVE = YES;
				CLANG_WARN_UNREACHABLE_CODE = YES;
				CLANG_WARN__DUPLICATE_METHOD_MATCH = YES;
				ENABLE_STRICT_OBJC_MSGSEND = YES;
				ENABLE_TESTABILITY = YES;
				GCC_C_LANGUAGE_STANDARD = c99;
				GCC_NO_COMMON_BLOCKS = YES;
				GCC_THUMB_SUPPORT = NO;
				GCC_VERSION = "";
				GCC_WARN_64_TO_32_BIT_CONVERSION = YES;
				GCC_WARN_ABOUT_RETURN_TYPE = YES;
				GCC_WARN_UNDECLARED_SELECTOR = YES;
				GCC_WARN_UNINITIALIZED_AUTOS = YES;
				GCC_WARN_UNUSED_FUNCTION = YES;
				GCC_WARN_UNUSED_VARIABLE = YES;
				IPHONEOS_DEPLOYMENT_TARGET = 11.0;
				ONLY_ACTIVE_ARCH = YES;
				SDKROOT = iphoneos;
				SKIP_INSTALL = NO;
				SWIFT_OBJC_BRIDGING_HEADER = "$(PROJECT_DIR)/$(PROJECT_NAME)/Bridging-Header.h";
				SWIFT_OPTIMIZATION_LEVEL = "-Onone";
				SWIFT_VERSION = 4.0;
				WK_WEB_VIEW_ONLY = 1;
			};
			name = Debug;
		};
		C01FCF5008A954540054247B /* Release */ = {
			isa = XCBuildConfiguration;
			baseConfigurationReference = 3047A5111AB8059700498E2A /* build.xcconfig */;
			buildSettings = {
				ALWAYS_EMBED_SWIFT_STANDARD_LIBRARIES = YES;
				CLANG_ANALYZER_LOCALIZABILITY_NONLOCALIZED = YES;
				CLANG_ENABLE_MODULES = YES;
				CLANG_ENABLE_OBJC_ARC = YES;
				CLANG_WARN_BLOCK_CAPTURE_AUTORELEASING = YES;
				CLANG_WARN_BOOL_CONVERSION = YES;
				CLANG_WARN_COMMA = YES;
				CLANG_WARN_CONSTANT_CONVERSION = YES;
				CLANG_WARN_DEPRECATED_OBJC_IMPLEMENTATIONS = YES;
				CLANG_WARN_EMPTY_BODY = YES;
				CLANG_WARN_ENUM_CONVERSION = YES;
				CLANG_WARN_INFINITE_RECURSION = YES;
				CLANG_WARN_INT_CONVERSION = YES;
				CLANG_WARN_NON_LITERAL_NULL_CONVERSION = YES;
				CLANG_WARN_OBJC_IMPLICIT_RETAIN_SELF = YES;
				CLANG_WARN_OBJC_LITERAL_CONVERSION = YES;
				CLANG_WARN_RANGE_LOOP_ANALYSIS = YES;
				CLANG_WARN_STRICT_PROTOTYPES = YES;
				CLANG_WARN_SUSPICIOUS_MOVE = YES;
				CLANG_WARN_UNREACHABLE_CODE = YES;
				CLANG_WARN__DUPLICATE_METHOD_MATCH = YES;
				ENABLE_STRICT_OBJC_MSGSEND = YES;
				GCC_C_LANGUAGE_STANDARD = c99;
				GCC_NO_COMMON_BLOCKS = YES;
				GCC_THUMB_SUPPORT = NO;
				GCC_VERSION = "";
				GCC_WARN_64_TO_32_BIT_CONVERSION = YES;
				GCC_WARN_ABOUT_RETURN_TYPE = YES;
				GCC_WARN_UNDECLARED_SELECTOR = YES;
				GCC_WARN_UNINITIALIZED_AUTOS = YES;
				GCC_WARN_UNUSED_FUNCTION = YES;
				GCC_WARN_UNUSED_VARIABLE = YES;
				IPHONEOS_DEPLOYMENT_TARGET = 11.0;
				SDKROOT = iphoneos;
				SKIP_INSTALL = NO;
				SWIFT_OBJC_BRIDGING_HEADER = "$(PROJECT_DIR)/$(PROJECT_NAME)/Bridging-Header.h";
				SWIFT_VERSION = 4.0;
				WK_WEB_VIEW_ONLY = 1;
			};
			name = Release;
		};
/* End XCBuildConfiguration section */

/* Begin XCConfigurationList section */
		1D6058960D05DD3E006BFB54 /* Build configuration list for PBXNativeTarget "ionic-intune-test" */ = {
			isa = XCConfigurationList;
			buildConfigurations = (
				1D6058940D05DD3E006BFB54 /* Debug */,
				1D6058950D05DD3E006BFB54 /* Release */,
			);
			defaultConfigurationIsVisible = 0;
			defaultConfigurationName = Release;
		};
		C01FCF4E08A954540054247B /* Build configuration list for PBXProject "ionic-intune-test" */ = {
			isa = XCConfigurationList;
			buildConfigurations = (
				C01FCF4F08A954540054247B /* Debug */,
				C01FCF5008A954540054247B /* Release */,
			);
			defaultConfigurationIsVisible = 0;
			defaultConfigurationName = Release;
		};
/* End XCConfigurationList section */
	};
	rootObject = 29B97313FDCFA39411CA2CEA /* Project object */;
}
