// !$*UTF8*$!
{
	archiveVersion = 1;
	classes = {
	};
	objectVersion = 52;
	objects = {

/* Begin PBXBuildFile section */
		0207DA581B56EA530066E2B4 /* Images.xcassets in Resources */ = {isa = PBXBuildFile; fileRef = 0207DA571B56EA530066E2B4 /* Images.xcassets */; };
		1D3623260D0F684500981E51 /* AppDelegate.m in Sources */ = {isa = PBXBuildFile; fileRef = 1D3623250D0F684500981E51 /* AppDelegate.m */; };
		1D60589B0D05DD56006BFB54 /* main.m in Sources */ = {isa = PBXBuildFile; fileRef = 29B97316FDCFA39411CA2CEA /* main.m */; };
		301BF552109A68D80062928A /* libCordova.a in Frameworks */ = {isa = PBXBuildFile; fileRef = 301BF535109A57CC0062928A /* libCordova.a */; settings = {ATTRIBUTES = (Required, ); }; };
		302D95F114D2391D003F00A1 /* MainViewController.m in Sources */ = {isa = PBXBuildFile; fileRef = 302D95EF14D2391D003F00A1 /* MainViewController.m */; };
		302D95F214D2391D003F00A1 /* MainViewController.xib in Resources */ = {isa = PBXBuildFile; fileRef = 302D95F014D2391D003F00A1 /* MainViewController.xib */; };
		6AFF5BF91D6E424B00AB3073 /* CDVLaunchScreen.storyboard in Resources */ = {isa = PBXBuildFile; fileRef = 6AFF5BF81D6E424B00AB3073 /* CDVLaunchScreen.storyboard */; };
		FD21276C861040988231179C /* CDVDevice.m in Sources */ = {isa = PBXBuildFile; fileRef = B49D1A4931DC43D4A19B251C /* CDVDevice.m */; };
		88B23572CD5B4BD1AF107F3B /* CDVIonicKeyboard.m in Sources */ = {isa = PBXBuildFile; fileRef = C5C45A57E4DE43B39A290FAF /* CDVIonicKeyboard.m */; };
		3A60F1F48AC94A2FB004918C /* CDVWKWebViewEngine.m in Sources */ = {isa = PBXBuildFile; fileRef = 3A11525065B84380BDEB7531 /* CDVWKWebViewEngine.m */; };
		C2C36E86B2DA45E8B982ECB2 /* CDVWKWebViewUIDelegate.m in Sources */ = {isa = PBXBuildFile; fileRef = CECF88267FE64311BB248304 /* CDVWKWebViewUIDelegate.m */; };
		63F1AF86DBD443D3A3ECC974 /* CDVWKProcessPoolFactory.m in Sources */ = {isa = PBXBuildFile; fileRef = 39FFE8BFE98D430C90D2E6AA /* CDVWKProcessPoolFactory.m */; };
		6393ECA334504B91BD952056 /* IONAssetHandler.m in Sources */ = {isa = PBXBuildFile; fileRef = 3D0C51B38D5548A0B6B46006 /* IONAssetHandler.m */; };
		9FE1E7ED38764684A6D4785D /* WebKit.framework in Frameworks */ = {isa = PBXBuildFile; fileRef = 44F56A03BCE94B2F96B77F0D /* WebKit.framework */; settings = {ATTRIBUTES = (Weak, ); }; };
		B64FC5BC81D64D14ADCE2114 /* CDVSplashScreen.m in Sources */ = {isa = PBXBuildFile; fileRef = DCBB52A4FC7849279EB7C3BA /* CDVSplashScreen.m */; };
		43348E6C7F75482DA94E38AB /* CDVViewController+SplashScreen.m in Sources */ = {isa = PBXBuildFile; fileRef = 1649CAC0E8B3454FA8781940 /* CDVViewController+SplashScreen.m */; };
		D3A40E140C154E1C80F6FA65 /* CDVStatusBar.m in Sources */ = {isa = PBXBuildFile; fileRef = 08496DF3DBE44D9CB02BEC2E /* CDVStatusBar.m */; };
		52998F7DB2A1457C87D150E4 /* EnrollmentDelegate.swift in Sources */ = {isa = PBXBuildFile; fileRef = FBF3745E42244C328B038871 /* EnrollmentDelegate.swift */; };
		66AAB80392F54B7B9FB2737E /* PolicyDelegate.swift in Sources */ = {isa = PBXBuildFile; fileRef = 366A27F7847641EB840A5B73 /* PolicyDelegate.swift */; };
		5F0368FC2AEF4A2289A0FA88 /* IntunePlugin.swift in Sources */ = {isa = PBXBuildFile; fileRef = DBA2DC4886BB45A0A13C52AF /* IntunePlugin.swift */; };
		2B22B36BB463483BB9A0271F /* CAPPlugin.h in Resources */ = {isa = PBXBuildFile; fileRef = 182E57DD274044FDA5796AB1 /* CAPPlugin.h */; };
		9D3747FE66264F7E86591A52 /* CAPPlugin.m in Sources */ = {isa = PBXBuildFile; fileRef = A9516E4C37E14852924F28D4 /* CAPPlugin.m */; };
		BBE621ABE8424530BE8655D0 /* CAPPluginCall.h in Resources */ = {isa = PBXBuildFile; fileRef = A622FC77C5D444439992248C /* CAPPluginCall.h */; };
		6E4D77DD9E5347DB9E20A0E0 /* CAPPluginCall.m in Sources */ = {isa = PBXBuildFile; fileRef = A5BCD9BE7DC9499F85F31476 /* CAPPluginCall.m */; };
		CF66353CE95142D28935EC42 /* CAPPluginCall.swift in Sources */ = {isa = PBXBuildFile; fileRef = A50B4D7895474F559AF8134B /* CAPPluginCall.swift */; };
		5DA06609E25B4570B56C8F63 /* IntuneMAMSwift.xcframework in Resources */ = {isa = PBXBuildFile; fileRef = F2EBACB36ACF446D947D7124 /* IntuneMAMSwift.xcframework */; };
		0E0FCDD8C0994E25AAB86CF0 /* IntuneMAMSwift.xcframework in Embed Frameworks */ = {isa = PBXBuildFile; fileRef = F2EBACB36ACF446D947D7124 /* IntuneMAMSwift.xcframework */; settings = {ATTRIBUTES = (CodeSignOnCopy, ); }; };
		F3A5281EA49A424CB21703A9 /* IntuneMAMSwiftStub.xcframework in Resources */ = {isa = PBXBuildFile; fileRef = EB82DF47A1DE405E83A35690 /* IntuneMAMSwiftStub.xcframework */; };
		974B0A576C274B55823BC619 /* IntuneMAMSwiftStub.xcframework in Embed Frameworks */ = {isa = PBXBuildFile; fileRef = EB82DF47A1DE405E83A35690 /* IntuneMAMSwiftStub.xcframework */; settings = {ATTRIBUTES = (CodeSignOnCopy, ); }; };
		23C8C56096DF446181F4B1A0 /* MSAL.xcframework in Resources */ = {isa = PBXBuildFile; fileRef = 8831CA3639DB45689AAE5560 /* MSAL.xcframework */; };
		CC40639793F843FEA58B29D2 /* MSAL.xcframework in Embed Frameworks */ = {isa = PBXBuildFile; fileRef = 8831CA3639DB45689AAE5560 /* MSAL.xcframework */; settings = {ATTRIBUTES = (CodeSignOnCopy, ); }; };
		A9424F34C27E4F5789E78D1A /* AudioToolbox.framework in Frameworks */ = {isa = PBXBuildFile; fileRef = 4D385FFAD4DA45ADB43A765E /* AudioToolbox.framework */; };
		E02A4A858E0846E4875FF2A7 /* CoreServices.framework in Frameworks */ = {isa = PBXBuildFile; fileRef = CE09DED32516406A8B15ADB3 /* CoreServices.framework */; };
		2C634B783BFE4274A30FEFCF /* ImageIO.framework in Frameworks */ = {isa = PBXBuildFile; fileRef = 186BB52649D749F0A5393B99 /* ImageIO.framework */; };
		3E1AA543CA9041AAB2DEEFB5 /* libc++.tbd in Frameworks */ = {isa = PBXBuildFile; fileRef = 1A5DD2285DDE4F798753AE21 /* libc++.tbd */; };
		ED91D738111D4CE3BAD71BEC /* libsqlite3.tbd in Frameworks */ = {isa = PBXBuildFile; fileRef = 18693BB659E745A09715CB3E /* libsqlite3.tbd */; };
		E2050B79C71D46A7AA484965 /* LocalAuthentication.framework in Frameworks */ = {isa = PBXBuildFile; fileRef = 2E265E6EC1DB480B91C63CA6 /* LocalAuthentication.framework */; };
		E76EB3711CE74F86A90C1CA9 /* MessageUI.framework in Frameworks */ = {isa = PBXBuildFile; fileRef = CD89E3DF2D9A4B06ABB9C21D /* MessageUI.framework */; };
		2F33FCBE32BC4D62AF8E49B9 /* QuartzCore.framework in Frameworks */ = {isa = PBXBuildFile; fileRef = 5CA51C6A1FAA48A4BB4C7207 /* QuartzCore.framework */; };
		024EA3932F9F4C0AB0DC56C6 /* Security.framework in Frameworks */ = {isa = PBXBuildFile; fileRef = 4599172262964383AD3CA393 /* Security.framework */; };
		796D5858FD8A4305938BF3C5 /* SystemConfiguration.framework in Frameworks */ = {isa = PBXBuildFile; fileRef = A31B2271D1FD43DE96D9F851 /* SystemConfiguration.framework */; };
/* End PBXBuildFile section */

/* Begin PBXContainerItemProxy section */
		301BF534109A57CC0062928A /* PBXContainerItemProxy */ = {
			isa = PBXContainerItemProxy;
			containerPortal = 301BF52D109A57CC0062928A /* CordovaLib/CordovaLib.xcodeproj */;
			proxyType = 2;
			remoteGlobalIDString = D2AAC07E0554694100DB518D;
			remoteInfo = CordovaLib;
		};
		301BF550109A68C00062928A /* PBXContainerItemProxy */ = {
			isa = PBXContainerItemProxy;
			containerPortal = 301BF52D109A57CC0062928A /* CordovaLib/CordovaLib.xcodeproj */;
			proxyType = 1;
			remoteGlobalIDString = D2AAC07D0554694100DB518D;
			remoteInfo = CordovaLib;
		};
		907D8123214C687600058A10 /* PBXContainerItemProxy */ = {
			isa = PBXContainerItemProxy;
			containerPortal = 301BF52D109A57CC0062928A /* CordovaLib/CordovaLib.xcodeproj */;
			proxyType = 2;
			remoteGlobalIDString = C0C01EB21E3911D50056E6CB;
			remoteInfo = Cordova;
		};
/* End PBXContainerItemProxy section */

/* Begin PBXFileReference section */
		0207DA571B56EA530066E2B4 /* Images.xcassets */ = {isa = PBXFileReference; lastKnownFileType = folder.assetcatalog; name = Images.xcassets; path = "ionic-intune-test/Images.xcassets"; sourceTree = SOURCE_ROOT; };
		1D3623240D0F684500981E51 /* AppDelegate.h */ = {isa = PBXFileReference; fileEncoding = 4; lastKnownFileType = sourcecode.c.h; path = AppDelegate.h; sourceTree = "<group>"; };
		1D3623250D0F684500981E51 /* AppDelegate.m */ = {isa = PBXFileReference; fileEncoding = 4; lastKnownFileType = sourcecode.c.objc; path = AppDelegate.m; sourceTree = "<group>"; };
		1D6058910D05DD3D006BFB54 /* ionic-intune-test.app */ = {isa = PBXFileReference; explicitFileType = wrapper.application; includeInIndex = 0; path = "ionic-intune-test.app"; sourceTree = BUILT_PRODUCTS_DIR; };
		29B97316FDCFA39411CA2CEA /* main.m */ = {isa = PBXFileReference; fileEncoding = 4; lastKnownFileType = sourcecode.c.objc; path = main.m; sourceTree = "<group>"; };
		301BF52D109A57CC0062928A /* CordovaLib/CordovaLib.xcodeproj */ = {isa = PBXFileReference; lastKnownFileType = "wrapper.pb-project"; name = CordovaLib.xcodeproj; path = CordovaLib/CordovaLib.xcodeproj; sourceTree = "<group>"; };
		301BF56E109A69640062928A /* www */ = {isa = PBXFileReference; lastKnownFileType = folder; path = www; sourceTree = SOURCE_ROOT; };
		302D95EE14D2391D003F00A1 /* MainViewController.h */ = {isa = PBXFileReference; fileEncoding = 4; lastKnownFileType = sourcecode.c.h; path = MainViewController.h; sourceTree = "<group>"; };
		302D95EF14D2391D003F00A1 /* MainViewController.m */ = {isa = PBXFileReference; fileEncoding = 4; lastKnownFileType = sourcecode.c.objc; path = MainViewController.m; sourceTree = "<group>"; };
		302D95F014D2391D003F00A1 /* MainViewController.xib */ = {isa = PBXFileReference; fileEncoding = 4; lastKnownFileType = file.xib; path = MainViewController.xib; sourceTree = "<group>"; };
		3047A50F1AB8059700498E2A /* build-debug.xcconfig */ = {isa = PBXFileReference; fileEncoding = 4; lastKnownFileType = text.xcconfig; name = "build-debug.xcconfig"; path = "cordova/build-debug.xcconfig"; sourceTree = SOURCE_ROOT; };
		3047A5101AB8059700498E2A /* build-release.xcconfig */ = {isa = PBXFileReference; fileEncoding = 4; lastKnownFileType = text.xcconfig; name = "build-release.xcconfig"; path = "cordova/build-release.xcconfig"; sourceTree = SOURCE_ROOT; };
		3047A5111AB8059700498E2A /* build.xcconfig */ = {isa = PBXFileReference; fileEncoding = 4; lastKnownFileType = text.xcconfig; name = build.xcconfig; path = cordova/build.xcconfig; sourceTree = SOURCE_ROOT; };
		32CA4F630368D1EE00C91783 /* ionic-intune-test-Prefix.pch */ = {isa = PBXFileReference; fileEncoding = 4; lastKnownFileType = sourcecode.c.h; path = "ionic-intune-test-Prefix.pch"; sourceTree = "<group>"; };
		6AFF5BF81D6E424B00AB3073 /* CDVLaunchScreen.storyboard */ = {isa = PBXFileReference; fileEncoding = 4; lastKnownFileType = file.storyboard; name = CDVLaunchScreen.storyboard; path = "ionic-intune-test/CDVLaunchScreen.storyboard"; sourceTree = SOURCE_ROOT; };
		8D1107310486CEB800E47090 /* ionic-intune-test-Info.plist */ = {isa = PBXFileReference; fileEncoding = 4; lastKnownFileType = text.plist.xml; name = "ionic-intune-test-Info.plist"; path = "ionic-intune-test/ionic-intune-test-Info.plist"; plistStructureDefinitionIdentifier = "com.apple.xcode.plist.structure-definition.iphone.info-plist"; sourceTree = SOURCE_ROOT; };
		EB87FDF31871DA8E0020F90C /* www */ = {isa = PBXFileReference; lastKnownFileType = folder; name = www; path = ../../www; sourceTree = "<group>"; };
		EB87FDF41871DAF40020F90C /* config.xml */ = {isa = PBXFileReference; lastKnownFileType = text.xml; name = config.xml; path = ../../config.xml; sourceTree = "<group>"; };
		ED33DF2A687741AEAF9F8254 /* Bridging-Header.h */ = {isa = PBXFileReference; fileEncoding = 4; lastKnownFileType = sourcecode.c.h; path = "Bridging-Header.h"; sourceTree = "<group>"; };
		F840E1F0165FE0F500CFE078 /* config.xml */ = {isa = PBXFileReference; lastKnownFileType = text.xml; name = config.xml; path = "ionic-intune-test/config.xml"; sourceTree = "<group>"; };
		B49D1A4931DC43D4A19B251C /* CDVDevice.m */ = {isa = PBXFileReference; name = "CDVDevice.m"; path = "cordova-plugin-device/CDVDevice.m"; sourceTree = "<group>"; fileEncoding = 4; lastKnownFileType = sourcecode.c.objc; explicitFileType = undefined; includeInIndex = 0; };
		29FFC46F0D554AB099375401 /* CDVDevice.h */ = {isa = PBXFileReference; name = "CDVDevice.h"; path = "cordova-plugin-device/CDVDevice.h"; sourceTree = "<group>"; fileEncoding = 4; lastKnownFileType = sourcecode.c.h; explicitFileType = undefined; includeInIndex = 0; };
		C5C45A57E4DE43B39A290FAF /* CDVIonicKeyboard.m */ = {isa = PBXFileReference; name = "CDVIonicKeyboard.m"; path = "cordova-plugin-ionic-keyboard/CDVIonicKeyboard.m"; sourceTree = "<group>"; fileEncoding = 4; lastKnownFileType = sourcecode.c.objc; explicitFileType = undefined; includeInIndex = 0; };
		D43B8995AD024AA6A3BFDBCB /* CDVIonicKeyboard.h */ = {isa = PBXFileReference; name = "CDVIonicKeyboard.h"; path = "cordova-plugin-ionic-keyboard/CDVIonicKeyboard.h"; sourceTree = "<group>"; fileEncoding = 4; lastKnownFileType = sourcecode.c.h; explicitFileType = undefined; includeInIndex = 0; };
		3A11525065B84380BDEB7531 /* CDVWKWebViewEngine.m */ = {isa = PBXFileReference; name = "CDVWKWebViewEngine.m"; path = "cordova-plugin-ionic-webview/CDVWKWebViewEngine.m"; sourceTree = "<group>"; fileEncoding = 4; lastKnownFileType = sourcecode.c.objc; explicitFileType = undefined; includeInIndex = 0; };
		CECF88267FE64311BB248304 /* CDVWKWebViewUIDelegate.m */ = {isa = PBXFileReference; name = "CDVWKWebViewUIDelegate.m"; path = "cordova-plugin-ionic-webview/CDVWKWebViewUIDelegate.m"; sourceTree = "<group>"; fileEncoding = 4; lastKnownFileType = sourcecode.c.objc; explicitFileType = undefined; includeInIndex = 0; };
		39FFE8BFE98D430C90D2E6AA /* CDVWKProcessPoolFactory.m */ = {isa = PBXFileReference; name = "CDVWKProcessPoolFactory.m"; path = "cordova-plugin-ionic-webview/CDVWKProcessPoolFactory.m"; sourceTree = "<group>"; fileEncoding = 4; lastKnownFileType = sourcecode.c.objc; explicitFileType = undefined; includeInIndex = 0; };
		3D0C51B38D5548A0B6B46006 /* IONAssetHandler.m */ = {isa = PBXFileReference; name = "IONAssetHandler.m"; path = "cordova-plugin-ionic-webview/IONAssetHandler.m"; sourceTree = "<group>"; fileEncoding = 4; lastKnownFileType = sourcecode.c.objc; explicitFileType = undefined; includeInIndex = 0; };
		49556469E7CE4D41A47D9F32 /* CDVWKWebViewEngine.h */ = {isa = PBXFileReference; name = "CDVWKWebViewEngine.h"; path = "cordova-plugin-ionic-webview/CDVWKWebViewEngine.h"; sourceTree = "<group>"; fileEncoding = 4; lastKnownFileType = sourcecode.c.h; explicitFileType = undefined; includeInIndex = 0; };
		359EF2C96B3B4036AC6ECBCB /* CDVWKWebViewUIDelegate.h */ = {isa = PBXFileReference; name = "CDVWKWebViewUIDelegate.h"; path = "cordova-plugin-ionic-webview/CDVWKWebViewUIDelegate.h"; sourceTree = "<group>"; fileEncoding = 4; lastKnownFileType = sourcecode.c.h; explicitFileType = undefined; includeInIndex = 0; };
		72187393F1BC45718168B4ED /* CDVWKProcessPoolFactory.h */ = {isa = PBXFileReference; name = "CDVWKProcessPoolFactory.h"; path = "cordova-plugin-ionic-webview/CDVWKProcessPoolFactory.h"; sourceTree = "<group>"; fileEncoding = 4; lastKnownFileType = sourcecode.c.h; explicitFileType = undefined; includeInIndex = 0; };
		5B93A125FA7D4604A798C0A5 /* IONAssetHandler.h */ = {isa = PBXFileReference; name = "IONAssetHandler.h"; path = "cordova-plugin-ionic-webview/IONAssetHandler.h"; sourceTree = "<group>"; fileEncoding = 4; lastKnownFileType = sourcecode.c.h; explicitFileType = undefined; includeInIndex = 0; };
		44F56A03BCE94B2F96B77F0D /* WebKit.framework */ = {isa = PBXFileReference; name = "WebKit.framework"; path = "System/Library/Frameworks/WebKit.framework"; sourceTree = SDKROOT; fileEncoding = undefined; lastKnownFileType = wrapper.framework; explicitFileType = undefined; includeInIndex = 0; };
		DCBB52A4FC7849279EB7C3BA /* CDVSplashScreen.m */ = {isa = PBXFileReference; name = "CDVSplashScreen.m"; path = "cordova-plugin-splashscreen/CDVSplashScreen.m"; sourceTree = "<group>"; fileEncoding = 4; lastKnownFileType = sourcecode.c.objc; explicitFileType = undefined; includeInIndex = 0; };
		1649CAC0E8B3454FA8781940 /* CDVViewController+SplashScreen.m */ = {isa = PBXFileReference; name = "CDVViewController+SplashScreen.m"; path = "cordova-plugin-splashscreen/CDVViewController+SplashScreen.m"; sourceTree = "<group>"; fileEncoding = 4; lastKnownFileType = sourcecode.c.objc; explicitFileType = undefined; includeInIndex = 0; };
		7223729970BF4EF3A4C94987 /* CDVSplashScreen.h */ = {isa = PBXFileReference; name = "CDVSplashScreen.h"; path = "cordova-plugin-splashscreen/CDVSplashScreen.h"; sourceTree = "<group>"; fileEncoding = 4; lastKnownFileType = sourcecode.c.h; explicitFileType = undefined; includeInIndex = 0; };
		D051DE9AA6F14D99BF551A7F /* CDVViewController+SplashScreen.h */ = {isa = PBXFileReference; name = "CDVViewController+SplashScreen.h"; path = "cordova-plugin-splashscreen/CDVViewController+SplashScreen.h"; sourceTree = "<group>"; fileEncoding = 4; lastKnownFileType = sourcecode.c.h; explicitFileType = undefined; includeInIndex = 0; };
		08496DF3DBE44D9CB02BEC2E /* CDVStatusBar.m */ = {isa = PBXFileReference; name = "CDVStatusBar.m"; path = "cordova-plugin-statusbar/CDVStatusBar.m"; sourceTree = "<group>"; fileEncoding = 4; lastKnownFileType = sourcecode.c.objc; explicitFileType = undefined; includeInIndex = 0; };
		1BB8114F6318465AA4BE83AB /* CDVStatusBar.h */ = {isa = PBXFileReference; name = "CDVStatusBar.h"; path = "cordova-plugin-statusbar/CDVStatusBar.h"; sourceTree = "<group>"; fileEncoding = 4; lastKnownFileType = sourcecode.c.h; explicitFileType = undefined; includeInIndex = 0; };
		FBF3745E42244C328B038871 /* EnrollmentDelegate.swift */ = {isa = PBXFileReference; name = "EnrollmentDelegate.swift"; path = "@ionic-enterprise/intune/EnrollmentDelegate.swift"; sourceTree = "<group>"; fileEncoding = 4; lastKnownFileType = sourcecode.swift; explicitFileType = undefined; includeInIndex = 0; };
		366A27F7847641EB840A5B73 /* PolicyDelegate.swift */ = {isa = PBXFileReference; name = "PolicyDelegate.swift"; path = "@ionic-enterprise/intune/PolicyDelegate.swift"; sourceTree = "<group>"; fileEncoding = 4; lastKnownFileType = sourcecode.swift; explicitFileType = undefined; includeInIndex = 0; };
		DBA2DC4886BB45A0A13C52AF /* IntunePlugin.swift */ = {isa = PBXFileReference; name = "IntunePlugin.swift"; path = "@ionic-enterprise/intune/IntunePlugin.swift"; sourceTree = "<group>"; fileEncoding = 4; lastKnownFileType = sourcecode.swift; explicitFileType = undefined; includeInIndex = 0; };
		182E57DD274044FDA5796AB1 /* CAPPlugin.h */ = {isa = PBXFileReference; name = "CAPPlugin.h"; path = "@ionic-enterprise/intune/CAPPlugin.h"; sourceTree = "<group>"; fileEncoding = 4; lastKnownFileType = sourcecode.c.h; explicitFileType = undefined; includeInIndex = 0; };
		A9516E4C37E14852924F28D4 /* CAPPlugin.m */ = {isa = PBXFileReference; name = "CAPPlugin.m"; path = "@ionic-enterprise/intune/CAPPlugin.m"; sourceTree = "<group>"; fileEncoding = 4; lastKnownFileType = sourcecode.c.objc; explicitFileType = undefined; includeInIndex = 0; };
		A622FC77C5D444439992248C /* CAPPluginCall.h */ = {isa = PBXFileReference; name = "CAPPluginCall.h"; path = "@ionic-enterprise/intune/CAPPluginCall.h"; sourceTree = "<group>"; fileEncoding = 4; lastKnownFileType = sourcecode.c.h; explicitFileType = undefined; includeInIndex = 0; };
		A5BCD9BE7DC9499F85F31476 /* CAPPluginCall.m */ = {isa = PBXFileReference; name = "CAPPluginCall.m"; path = "@ionic-enterprise/intune/CAPPluginCall.m"; sourceTree = "<group>"; fileEncoding = 4; lastKnownFileType = sourcecode.c.objc; explicitFileType = undefined; includeInIndex = 0; };
		A50B4D7895474F559AF8134B /* CAPPluginCall.swift */ = {isa = PBXFileReference; name = "CAPPluginCall.swift"; path = "@ionic-enterprise/intune/CAPPluginCall.swift"; sourceTree = "<group>"; fileEncoding = 4; lastKnownFileType = sourcecode.swift; explicitFileType = undefined; includeInIndex = 0; };
		A24C186C51A545709807F798 /* CAPCordovaCompat-Bridging-Header.h */ = {isa = PBXFileReference; name = "CAPCordovaCompat-Bridging-Header.h"; path = "@ionic-enterprise/intune/CAPCordovaCompat-Bridging-Header.h"; sourceTree = "<group>"; fileEncoding = 4; lastKnownFileType = sourcecode.c.h; explicitFileType = undefined; includeInIndex = 0; };
		F2EBACB36ACF446D947D7124 /* IntuneMAMSwift.xcframework */ = {isa = PBXFileReference; name = "IntuneMAMSwift.xcframework"; path = "ionic-intune-test/Plugins/@ionic-enterprise/intune/IntuneMAMSwift.xcframework"; sourceTree = "<group>"; fileEncoding = undefined; lastKnownFileType = unknown; explicitFileType = undefined; includeInIndex = 0; };
		EB82DF47A1DE405E83A35690 /* IntuneMAMSwiftStub.xcframework */ = {isa = PBXFileReference; name = "IntuneMAMSwiftStub.xcframework"; path = "ionic-intune-test/Plugins/@ionic-enterprise/intune/IntuneMAMSwiftStub.xcframework"; sourceTree = "<group>"; fileEncoding = undefined; lastKnownFileType = unknown; explicitFileType = undefined; includeInIndex = 0; };
		8831CA3639DB45689AAE5560 /* MSAL.xcframework */ = {isa = PBXFileReference; name = "MSAL.xcframework"; path = "ionic-intune-test/Plugins/@ionic-enterprise/intune/MSAL.xcframework"; sourceTree = "<group>"; fileEncoding = undefined; lastKnownFileType = unknown; explicitFileType = undefined; includeInIndex = 0; };
		4D385FFAD4DA45ADB43A765E /* AudioToolbox.framework */ = {isa = PBXFileReference; name = "AudioToolbox.framework"; path = "System/Library/Frameworks/AudioToolbox.framework"; sourceTree = SDKROOT; fileEncoding = undefined; lastKnownFileType = wrapper.framework; explicitFileType = undefined; includeInIndex = 0; };
		CE09DED32516406A8B15ADB3 /* CoreServices.framework */ = {isa = PBXFileReference; name = "CoreServices.framework"; path = "System/Library/Frameworks/CoreServices.framework"; sourceTree = SDKROOT; fileEncoding = undefined; lastKnownFileType = wrapper.framework; explicitFileType = undefined; includeInIndex = 0; };
		186BB52649D749F0A5393B99 /* ImageIO.framework */ = {isa = PBXFileReference; name = "ImageIO.framework"; path = "System/Library/Frameworks/ImageIO.framework"; sourceTree = SDKROOT; fileEncoding = undefined; lastKnownFileType = wrapper.framework; explicitFileType = undefined; includeInIndex = 0; };
		1A5DD2285DDE4F798753AE21 /* libc++.tbd */ = {isa = PBXFileReference; name = "libc++.tbd"; path = "usr/lib/libc++.tbd"; sourceTree = SDKROOT; fileEncoding = undefined; lastKnownFileType = sourcecode.text-based-dylib-definition; explicitFileType = undefined; includeInIndex = 0; };
		18693BB659E745A09715CB3E /* libsqlite3.tbd */ = {isa = PBXFileReference; name = "libsqlite3.tbd"; path = "usr/lib/libsqlite3.tbd"; sourceTree = SDKROOT; fileEncoding = undefined; lastKnownFileType = sourcecode.text-based-dylib-definition; explicitFileType = undefined; includeInIndex = 0; };
		2E265E6EC1DB480B91C63CA6 /* LocalAuthentication.framework */ = {isa = PBXFileReference; name = "LocalAuthentication.framework"; path = "System/Library/Frameworks/LocalAuthentication.framework"; sourceTree = SDKROOT; fileEncoding = undefined; lastKnownFileType = wrapper.framework; explicitFileType = undefined; includeInIndex = 0; };
		CD89E3DF2D9A4B06ABB9C21D /* MessageUI.framework */ = {isa = PBXFileReference; name = "MessageUI.framework"; path = "System/Library/Frameworks/MessageUI.framework"; sourceTree = SDKROOT; fileEncoding = undefined; lastKnownFileType = wrapper.framework; explicitFileType = undefined; includeInIndex = 0; };
		5CA51C6A1FAA48A4BB4C7207 /* QuartzCore.framework */ = {isa = PBXFileReference; name = "QuartzCore.framework"; path = "System/Library/Frameworks/QuartzCore.framework"; sourceTree = SDKROOT; fileEncoding = undefined; lastKnownFileType = wrapper.framework; explicitFileType = undefined; includeInIndex = 0; };
		4599172262964383AD3CA393 /* Security.framework */ = {isa = PBXFileReference; name = "Security.framework"; path = "System/Library/Frameworks/Security.framework"; sourceTree = SDKROOT; fileEncoding = undefined; lastKnownFileType = wrapper.framework; explicitFileType = undefined; includeInIndex = 0; };
		A31B2271D1FD43DE96D9F851 /* SystemConfiguration.framework */ = {isa = PBXFileReference; name = "SystemConfiguration.framework"; path = "System/Library/Frameworks/SystemConfiguration.framework"; sourceTree = SDKROOT; fileEncoding = undefined; lastKnownFileType = wrapper.framework; explicitFileType = undefined; includeInIndex = 0; };
/* End PBXFileReference section */

/* Begin PBXFrameworksBuildPhase section */
		1D60588F0D05DD3D006BFB54 /* Frameworks */ = {
			isa = PBXFrameworksBuildPhase;
			buildActionMask = 2147483647;
			files = (
				301BF552109A68D80062928A /* libCordova.a in Frameworks */,
				9FE1E7ED38764684A6D4785D /* WebKit.framework in Frameworks */,
				A9424F34C27E4F5789E78D1A /* AudioToolbox.framework in Frameworks */,
				E02A4A858E0846E4875FF2A7 /* CoreServices.framework in Frameworks */,
				2C634B783BFE4274A30FEFCF /* ImageIO.framework in Frameworks */,
				3E1AA543CA9041AAB2DEEFB5 /* libc++.tbd in Frameworks */,
				ED91D738111D4CE3BAD71BEC /* libsqlite3.tbd in Frameworks */,
				E2050B79C71D46A7AA484965 /* LocalAuthentication.framework in Frameworks */,
				E76EB3711CE74F86A90C1CA9 /* MessageUI.framework in Frameworks */,
				2F33FCBE32BC4D62AF8E49B9 /* QuartzCore.framework in Frameworks */,
				024EA3932F9F4C0AB0DC56C6 /* Security.framework in Frameworks */,
				796D5858FD8A4305938BF3C5 /* SystemConfiguration.framework in Frameworks */,
			);
			runOnlyForDeploymentPostprocessing = 0;
		};
/* End PBXFrameworksBuildPhase section */

/* Begin PBXGroup section */
		080E96DDFE201D6D7F000001 /* Classes */ = {
			isa = PBXGroup;
			children = (
				302D95EE14D2391D003F00A1 /* MainViewController.h */,
				302D95EF14D2391D003F00A1 /* MainViewController.m */,
				302D95F014D2391D003F00A1 /* MainViewController.xib */,
				1D3623240D0F684500981E51 /* AppDelegate.h */,
				1D3623250D0F684500981E51 /* AppDelegate.m */,
			);
			name = Classes;
			path = "ionic-intune-test/Classes";
			sourceTree = SOURCE_ROOT;
		};
		19C28FACFE9D520D11CA2CBB /* Products */ = {
			isa = PBXGroup;
			children = (
				1D6058910D05DD3D006BFB54 /* ionic-intune-test.app */,
			);
			name = Products;
			sourceTree = "<group>";
		};
		29B97314FDCFA39411CA2CEA /* CustomTemplate */ = {
			isa = PBXGroup;
			children = (
				EB87FDF41871DAF40020F90C /* config.xml */,
				EB87FDF31871DA8E0020F90C /* www */,
				EB87FDF11871DA420020F90C /* Staging */,
				301BF52D109A57CC0062928A /* CordovaLib/CordovaLib.xcodeproj */,
				080E96DDFE201D6D7F000001 /* Classes */,
				307C750510C5A3420062BCA9 /* Plugins */,
				29B97315FDCFA39411CA2CEA /* Other Sources */,
				29B97317FDCFA39411CA2CEA /* Resources */,
				29B97323FDCFA39411CA2CEA /* Frameworks */,
				19C28FACFE9D520D11CA2CBB /* Products */,
			);
			name = CustomTemplate;
			sourceTree = "<group>";
		};
		29B97315FDCFA39411CA2CEA /* Other Sources */ = {
			isa = PBXGroup;
			children = (
				32CA4F630368D1EE00C91783 /* ionic-intune-test-Prefix.pch */,
				29B97316FDCFA39411CA2CEA /* main.m */,
				ED33DF2A687741AEAF9F8254 /* Bridging-Header.h */,
			);
			name = "Other Sources";
			path = "ionic-intune-test";
			sourceTree = "<group>";
		};
		29B97317FDCFA39411CA2CEA /* Resources */ = {
			isa = PBXGroup;
			children = (
				0207DA571B56EA530066E2B4 /* Images.xcassets */,
				3047A50E1AB8057F00498E2A /* config */,
				8D1107310486CEB800E47090 /* ionic-intune-test-Info.plist */,
				6AFF5BF81D6E424B00AB3073 /* CDVLaunchScreen.storyboard */,
			);
			name = Resources;
			path = "ionic-intune-test/Resources";
			sourceTree = "<group>";
		};
		29B97323FDCFA39411CA2CEA /* Frameworks */ = {
			isa = PBXGroup;
			children = (
				44F56A03BCE94B2F96B77F0D /* WebKit.framework */,
				F2EBACB36ACF446D947D7124 /* IntuneMAMSwift.xcframework */,
				EB82DF47A1DE405E83A35690 /* IntuneMAMSwiftStub.xcframework */,
				8831CA3639DB45689AAE5560 /* MSAL.xcframework */,
				4D385FFAD4DA45ADB43A765E /* AudioToolbox.framework */,
				CE09DED32516406A8B15ADB3 /* CoreServices.framework */,
				186BB52649D749F0A5393B99 /* ImageIO.framework */,
				1A5DD2285DDE4F798753AE21 /* libc++.tbd */,
				18693BB659E745A09715CB3E /* libsqlite3.tbd */,
				2E265E6EC1DB480B91C63CA6 /* LocalAuthentication.framework */,
				CD89E3DF2D9A4B06ABB9C21D /* MessageUI.framework */,
				5CA51C6A1FAA48A4BB4C7207 /* QuartzCore.framework */,
				4599172262964383AD3CA393 /* Security.framework */,
				A31B2271D1FD43DE96D9F851 /* SystemConfiguration.framework */,
			);
			name = Frameworks;
			sourceTree = "<group>";
		};
		301BF52E109A57CC0062928A /* Products */ = {
			isa = PBXGroup;
			children = (
				301BF535109A57CC0062928A /* libCordova.a */,
				907D8124214C687600058A10 /* Cordova.framework */,
			);
			name = Products;
			sourceTree = "<group>";
		};
		3047A50E1AB8057F00498E2A /* config */ = {
			isa = PBXGroup;
			children = (
				3047A50F1AB8059700498E2A /* build-debug.xcconfig */,
				3047A5101AB8059700498E2A /* build-release.xcconfig */,
				3047A5111AB8059700498E2A /* build.xcconfig */,
			);
			name = config;
			sourceTree = "<group>";
		};
		307C750510C5A3420062BCA9 /* Plugins */ = {
			isa = PBXGroup;
			children = (
				B49D1A4931DC43D4A19B251C /* CDVDevice.m */,
				29FFC46F0D554AB099375401 /* CDVDevice.h */,
				C5C45A57E4DE43B39A290FAF /* CDVIonicKeyboard.m */,
				D43B8995AD024AA6A3BFDBCB /* CDVIonicKeyboard.h */,
				3A11525065B84380BDEB7531 /* CDVWKWebViewEngine.m */,
				CECF88267FE64311BB248304 /* CDVWKWebViewUIDelegate.m */,
				39FFE8BFE98D430C90D2E6AA /* CDVWKProcessPoolFactory.m */,
				3D0C51B38D5548A0B6B46006 /* IONAssetHandler.m */,
				49556469E7CE4D41A47D9F32 /* CDVWKWebViewEngine.h */,
				359EF2C96B3B4036AC6ECBCB /* CDVWKWebViewUIDelegate.h */,
				72187393F1BC45718168B4ED /* CDVWKProcessPoolFactory.h */,
				5B93A125FA7D4604A798C0A5 /* IONAssetHandler.h */,
				DCBB52A4FC7849279EB7C3BA /* CDVSplashScreen.m */,
				1649CAC0E8B3454FA8781940 /* CDVViewController+SplashScreen.m */,
				7223729970BF4EF3A4C94987 /* CDVSplashScreen.h */,
				D051DE9AA6F14D99BF551A7F /* CDVViewController+SplashScreen.h */,
				08496DF3DBE44D9CB02BEC2E /* CDVStatusBar.m */,
				1BB8114F6318465AA4BE83AB /* CDVStatusBar.h */,
				FBF3745E42244C328B038871 /* EnrollmentDelegate.swift */,
				366A27F7847641EB840A5B73 /* PolicyDelegate.swift */,
				DBA2DC4886BB45A0A13C52AF /* IntunePlugin.swift */,
				182E57DD274044FDA5796AB1 /* CAPPlugin.h */,
				A9516E4C37E14852924F28D4 /* CAPPlugin.m */,
				A622FC77C5D444439992248C /* CAPPluginCall.h */,
				A5BCD9BE7DC9499F85F31476 /* CAPPluginCall.m */,
				A50B4D7895474F559AF8134B /* CAPPluginCall.swift */,
				A24C186C51A545709807F798 /* CAPCordovaCompat-Bridging-Header.h */,
			);
			name = Plugins;
			path = "ionic-intune-test/Plugins";
			sourceTree = SOURCE_ROOT;
		};
		EB87FDF11871DA420020F90C /* Staging */ = {
			isa = PBXGroup;
			children = (
				F840E1F0165FE0F500CFE078 /* config.xml */,
				301BF56E109A69640062928A /* www */,
			);
			name = Staging;
			sourceTree = "<group>";
		};
/* End PBXGroup section */

/* Begin PBXNativeTarget section */
		1D6058900D05DD3D006BFB54 /* ionic-intune-test */ = {
			isa = PBXNativeTarget;
			buildConfigurationList = 1D6058960D05DD3E006BFB54 /* Build configuration list for PBXNativeTarget "ionic-intune-test" */;
			buildPhases = (
				304B58A110DAC018002A0835 /* Copy www directory */,
				1D60588D0D05DD3D006BFB54 /* Resources */,
				1D60588E0D05DD3D006BFB54 /* Sources */,
				1D60588F0D05DD3D006BFB54 /* Frameworks */,
				14315200EF2A4D19BE263C2F /* Embed Frameworks */,
			);
			buildRules = (
			);
			dependencies = (
				301BF551109A68C00062928A /* PBXTargetDependency */,
			);
			name = "ionic-intune-test";
			productName = "ionic-intune-test";
			productReference = 1D6058910D05DD3D006BFB54 /* ionic-intune-test.app */;
			productType = "com.apple.product-type.application";
		};
/* End PBXNativeTarget section */

/* Begin PBXProject section */
		29B97313FDCFA39411CA2CEA /* Project object */ = {
			isa = PBXProject;
			attributes = {
				LastUpgradeCheck = 1130;
				TargetAttributes = {
					1D6058900D05DD3D006BFB54 = {
						ProvisioningStyle = Automatic;
					};
				};
			};
			buildConfigurationList = C01FCF4E08A954540054247B /* Build configuration list for PBXProject "ionic-intune-test" */;
			compatibilityVersion = "Xcode 11.0";
			developmentRegion = en;
			hasScannedForEncodings = 1;
			knownRegions = (
				en,
				Base,
			);
			mainGroup = 29B97314FDCFA39411CA2CEA /* CustomTemplate */;
			projectDirPath = "";
			projectReferences = (
				{
					ProductGroup = 301BF52E109A57CC0062928A /* Products */;
					ProjectRef = 301BF52D109A57CC0062928A /* CordovaLib/CordovaLib.xcodeproj */;
				},
			);
			projectRoot = "";
			targets = (
				1D6058900D05DD3D006BFB54 /* ionic-intune-test */,
			);
		};
/* End PBXProject section */

/* Begin PBXReferenceProxy section */
		301BF535109A57CC0062928A /* libCordova.a */ = {
			isa = PBXReferenceProxy;
			fileType = archive.ar;
			path = libCordova.a;
			remoteRef = 301BF534109A57CC0062928A /* PBXContainerItemProxy */;
			sourceTree = BUILT_PRODUCTS_DIR;
		};
		907D8124214C687600058A10 /* Cordova.framework */ = {
			isa = PBXReferenceProxy;
			fileType = wrapper.framework;
			path = Cordova.framework;
			remoteRef = 907D8123214C687600058A10 /* PBXContainerItemProxy */;
			sourceTree = BUILT_PRODUCTS_DIR;
		};
/* End PBXReferenceProxy section */

/* Begin PBXResourcesBuildPhase section */
		1D60588D0D05DD3D006BFB54 /* Resources */ = {
			isa = PBXResourcesBuildPhase;
			buildActionMask = 2147483647;
			files = (
				302D95F214D2391D003F00A1 /* MainViewController.xib in Resources */,
				0207DA581B56EA530066E2B4 /* Images.xcassets in Resources */,
				6AFF5BF91D6E424B00AB3073 /* CDVLaunchScreen.storyboard in Resources */,
			);
			runOnlyForDeploymentPostprocessing = 0;
		};
/* End PBXResourcesBuildPhase section */

/* Begin PBXShellScriptBuildPhase section */
		304B58A110DAC018002A0835 /* Copy www directory */ = {
			isa = PBXShellScriptBuildPhase;
			buildActionMask = 2147483647;
			files = (
			);
			inputPaths = (
			);
			name = "Copy www directory";
			outputPaths = (
			);
			runOnlyForDeploymentPostprocessing = 0;
			shellPath = /bin/sh;
			shellScript = "\"$SRCROOT/ionic-intune-test/Scripts/copy-www-build-step.sh\"";
			showEnvVarsInLog = 0;
		};
/* End PBXShellScriptBuildPhase section */

/* Begin PBXSourcesBuildPhase section */
		1D60588E0D05DD3D006BFB54 /* Sources */ = {
			isa = PBXSourcesBuildPhase;
			buildActionMask = 2147483647;
			files = (
				1D60589B0D05DD56006BFB54 /* main.m in Sources */,
				1D3623260D0F684500981E51 /* AppDelegate.m in Sources */,
				302D95F114D2391D003F00A1 /* MainViewController.m in Sources */,
				FD21276C861040988231179C /* CDVDevice.m in Sources */,
				88B23572CD5B4BD1AF107F3B /* CDVIonicKeyboard.m in Sources */,
				3A60F1F48AC94A2FB004918C /* CDVWKWebViewEngine.m in Sources */,
				C2C36E86B2DA45E8B982ECB2 /* CDVWKWebViewUIDelegate.m in Sources */,
				63F1AF86DBD443D3A3ECC974 /* CDVWKProcessPoolFactory.m in Sources */,
				6393ECA334504B91BD952056 /* IONAssetHandler.m in Sources */,
				B64FC5BC81D64D14ADCE2114 /* CDVSplashScreen.m in Sources */,
				43348E6C7F75482DA94E38AB /* CDVViewController+SplashScreen.m in Sources */,
				D3A40E140C154E1C80F6FA65 /* CDVStatusBar.m in Sources */,
				52998F7DB2A1457C87D150E4 /* EnrollmentDelegate.swift in Sources */,
				66AAB80392F54B7B9FB2737E /* PolicyDelegate.swift in Sources */,
				5F0368FC2AEF4A2289A0FA88 /* IntunePlugin.swift in Sources */,
				2B22B36BB463483BB9A0271F /* CAPPlugin.h in Resources */,
				9D3747FE66264F7E86591A52 /* CAPPlugin.m in Sources */,
				BBE621ABE8424530BE8655D0 /* CAPPluginCall.h in Resources */,
				6E4D77DD9E5347DB9E20A0E0 /* CAPPluginCall.m in Sources */,
				CF66353CE95142D28935EC42 /* CAPPluginCall.swift in Sources */,
			);
			runOnlyForDeploymentPostprocessing = 0;
		};
/* End PBXSourcesBuildPhase section */

/* Begin PBXTargetDependency section */
		301BF551109A68C00062928A /* PBXTargetDependency */ = {
			isa = PBXTargetDependency;
			name = CordovaLib;
			targetProxy = 301BF550109A68C00062928A /* PBXContainerItemProxy */;
		};
/* End PBXTargetDependency section */

/* Begin XCBuildConfiguration section */
		1D6058940D05DD3E006BFB54 /* Debug */ = {
			isa = XCBuildConfiguration;
			baseConfigurationReference = 3047A50F1AB8059700498E2A /* build-debug.xcconfig */;
			buildSettings = {
				ALWAYS_SEARCH_USER_PATHS = NO;
				ASSETCATALOG_COMPILER_APPICON_NAME = AppIcon;
				CLANG_ENABLE_MODULES = YES;
				CLANG_ENABLE_OBJC_ARC = YES;
				COPY_PHASE_STRIP = NO;
				GCC_DYNAMIC_NO_PIC = NO;
				GCC_OPTIMIZATION_LEVEL = 0;
				GCC_PRECOMPILE_PREFIX_HEADER = YES;
				GCC_PREFIX_HEADER = "ionic-intune-test/ionic-intune-test-Prefix.pch";
				GCC_THUMB_SUPPORT = NO;
				GCC_VERSION = "";
				INFOPLIST_FILE = "ionic-intune-test/ionic-intune-test-Info.plist";
				IPHONEOS_DEPLOYMENT_TARGET = 11.0;
				LD_RUNPATH_SEARCH_PATHS = "@executable_path/Frameworks";
				PRODUCT_BUNDLE_IDENTIFIER = io.ionic.starter;
				PRODUCT_NAME = "$(TARGET_NAME)";
				TARGETED_DEVICE_FAMILY = "1,2";
				VALIDATE_WORKSPACE = NO;
				FRAMEWORK_SEARCH_PATHS = (
					"$(inherited)",
					"\"ionic-intune-test/Plugins/@ionic-enterprise/intune\"",
					"\"ionic-intune-test/Plugins/@ionic-enterprise/intune\"",
					"\"ionic-intune-test/Plugins/@ionic-enterprise/intune\"",
				);
				SWIFT_OBJC_BRIDGING_HEADER = "$(PROJECT_DIR)/$(PROJECT_NAME)/Bridging-Header.h";
				ALWAYS_EMBED_SWIFT_STANDARD_LIBRARIES = YES;
				SWIFT_VERSION = 4.0;
				SWIFT_OPTIMIZATION_LEVEL = "-Onone";
			};
			name = Debug;
		};
		1D6058950D05DD3E006BFB54 /* Release */ = {
			isa = XCBuildConfiguration;
			baseConfigurationReference = 3047A5101AB8059700498E2A /* build-release.xcconfig */;
			buildSettings = {
				ALWAYS_SEARCH_USER_PATHS = NO;
				ASSETCATALOG_COMPILER_APPICON_NAME = AppIcon;
				CLANG_ENABLE_MODULES = YES;
				CLANG_ENABLE_OBJC_ARC = YES;
				COPY_PHASE_STRIP = YES;
				GCC_PRECOMPILE_PREFIX_HEADER = YES;
				GCC_PREFIX_HEADER = "ionic-intune-test/ionic-intune-test-Prefix.pch";
				GCC_THUMB_SUPPORT = NO;
				GCC_VERSION = "";
				INFOPLIST_FILE = "ionic-intune-test/ionic-intune-test-Info.plist";
				IPHONEOS_DEPLOYMENT_TARGET = 11.0;
				LD_RUNPATH_SEARCH_PATHS = "@executable_path/Frameworks";
				PRODUCT_BUNDLE_IDENTIFIER = io.ionic.starter;
				PRODUCT_NAME = "$(TARGET_NAME)";
				TARGETED_DEVICE_FAMILY = "1,2";
				VALIDATE_WORKSPACE = NO;
				FRAMEWORK_SEARCH_PATHS = (
					"$(inherited)",
					"\"ionic-intune-test/Plugins/@ionic-enterprise/intune\"",
					"\"ionic-intune-test/Plugins/@ionic-enterprise/intune\"",
					"\"ionic-intune-test/Plugins/@ionic-enterprise/intune\"",
				);
				SWIFT_OBJC_BRIDGING_HEADER = "$(PROJECT_DIR)/$(PROJECT_NAME)/Bridging-Header.h";
				ALWAYS_EMBED_SWIFT_STANDARD_LIBRARIES = YES;
				SWIFT_VERSION = 4.0;
			};
			name = Release;
		};
		C01FCF4F08A954540054247B /* Debug */ = {
			isa = XCBuildConfiguration;
			baseConfigurationReference = 3047A5111AB8059700498E2A /* build.xcconfig */;
			buildSettings = {
				CLANG_ANALYZER_LOCALIZABILITY_NONLOCALIZED = YES;
				CLANG_ENABLE_MODULES = YES;
				CLANG_ENABLE_OBJC_ARC = YES;
				CLANG_WARN_BLOCK_CAPTURE_AUTORELEASING = YES;
				CLANG_WARN_BOOL_CONVERSION = YES;
				CLANG_WARN_COMMA = YES;
				CLANG_WARN_CONSTANT_CONVERSION = YES;
				CLANG_WARN_DEPRECATED_OBJC_IMPLEMENTATIONS = YES;
				CLANG_WARN_EMPTY_BODY = YES;
				CLANG_WARN_ENUM_CONVERSION = YES;
				CLANG_WARN_INFINITE_RECURSION = YES;
				CLANG_WARN_INT_CONVERSION = YES;
				CLANG_WARN_NON_LITERAL_NULL_CONVERSION = YES;
				CLANG_WARN_OBJC_IMPLICIT_RETAIN_SELF = YES;
				CLANG_WARN_OBJC_LITERAL_CONVERSION = YES;
				CLANG_WARN_RANGE_LOOP_ANALYSIS = YES;
				CLANG_WARN_STRICT_PROTOTYPES = YES;
				CLANG_WARN_SUSPICIOUS_MOVE = YES;
				CLANG_WARN_UNREACHABLE_CODE = YES;
				CLANG_WARN__DUPLICATE_METHOD_MATCH = YES;
				ENABLE_STRICT_OBJC_MSGSEND = YES;
				ENABLE_TESTABILITY = YES;
				GCC_C_LANGUAGE_STANDARD = c99;
				GCC_NO_COMMON_BLOCKS = YES;
				GCC_THUMB_SUPPORT = NO;
				GCC_VERSION = "";
				GCC_WARN_64_TO_32_BIT_CONVERSION = YES;
				GCC_WARN_ABOUT_RETURN_TYPE = YES;
				GCC_WARN_UNDECLARED_SELECTOR = YES;
				GCC_WARN_UNINITIALIZED_AUTOS = YES;
				GCC_WARN_UNUSED_FUNCTION = YES;
				GCC_WARN_UNUSED_VARIABLE = YES;
				ONLY_ACTIVE_ARCH = YES;
				SDKROOT = iphoneos;
				SKIP_INSTALL = NO;
				WK_WEB_VIEW_ONLY = 1;
				IPHONEOS_DEPLOYMENT_TARGET = 11.0;
				SWIFT_OBJC_BRIDGING_HEADER = "$(PROJECT_DIR)/$(PROJECT_NAME)/Bridging-Header.h";
				ALWAYS_EMBED_SWIFT_STANDARD_LIBRARIES = YES;
				SWIFT_VERSION = 4.0;
				SWIFT_OPTIMIZATION_LEVEL = "-Onone";
			};
			name = Debug;
		};
		C01FCF5008A954540054247B /* Release */ = {
			isa = XCBuildConfiguration;
			baseConfigurationReference = 3047A5111AB8059700498E2A /* build.xcconfig */;
			buildSettings = {
				CLANG_ANALYZER_LOCALIZABILITY_NONLOCALIZED = YES;
				CLANG_ENABLE_MODULES = YES;
				CLANG_ENABLE_OBJC_ARC = YES;
				CLANG_WARN_BLOCK_CAPTURE_AUTORELEASING = YES;
				CLANG_WARN_BOOL_CONVERSION = YES;
				CLANG_WARN_COMMA = YES;
				CLANG_WARN_CONSTANT_CONVERSION = YES;
				CLANG_WARN_DEPRECATED_OBJC_IMPLEMENTATIONS = YES;
				CLANG_WARN_EMPTY_BODY = YES;
				CLANG_WARN_ENUM_CONVERSION = YES;
				CLANG_WARN_INFINITE_RECURSION = YES;
				CLANG_WARN_INT_CONVERSION = YES;
				CLANG_WARN_NON_LITERAL_NULL_CONVERSION = YES;
				CLANG_WARN_OBJC_IMPLICIT_RETAIN_SELF = YES;
				CLANG_WARN_OBJC_LITERAL_CONVERSION = YES;
				CLANG_WARN_RANGE_LOOP_ANALYSIS = YES;
				CLANG_WARN_STRICT_PROTOTYPES = YES;
				CLANG_WARN_SUSPICIOUS_MOVE = YES;
				CLANG_WARN_UNREACHABLE_CODE = YES;
				CLANG_WARN__DUPLICATE_METHOD_MATCH = YES;
				ENABLE_STRICT_OBJC_MSGSEND = YES;
				GCC_C_LANGUAGE_STANDARD = c99;
				GCC_NO_COMMON_BLOCKS = YES;
				GCC_THUMB_SUPPORT = NO;
				GCC_VERSION = "";
				GCC_WARN_64_TO_32_BIT_CONVERSION = YES;
				GCC_WARN_ABOUT_RETURN_TYPE = YES;
				GCC_WARN_UNDECLARED_SELECTOR = YES;
				GCC_WARN_UNINITIALIZED_AUTOS = YES;
				GCC_WARN_UNUSED_FUNCTION = YES;
				GCC_WARN_UNUSED_VARIABLE = YES;
				SDKROOT = iphoneos;
				SKIP_INSTALL = NO;
				WK_WEB_VIEW_ONLY = 1;
				IPHONEOS_DEPLOYMENT_TARGET = 11.0;
				SWIFT_OBJC_BRIDGING_HEADER = "$(PROJECT_DIR)/$(PROJECT_NAME)/Bridging-Header.h";
				ALWAYS_EMBED_SWIFT_STANDARD_LIBRARIES = YES;
				SWIFT_VERSION = 4.0;
			};
			name = Release;
		};
/* End XCBuildConfiguration section */

/* Begin XCConfigurationList section */
		1D6058960D05DD3E006BFB54 /* Build configuration list for PBXNativeTarget "ionic-intune-test" */ = {
			isa = XCConfigurationList;
			buildConfigurations = (
				1D6058940D05DD3E006BFB54 /* Debug */,
				1D6058950D05DD3E006BFB54 /* Release */,
			);
			defaultConfigurationIsVisible = 0;
			defaultConfigurationName = Release;
		};
		C01FCF4E08A954540054247B /* Build configuration list for PBXProject "ionic-intune-test" */ = {
			isa = XCConfigurationList;
			buildConfigurations = (
				C01FCF4F08A954540054247B /* Debug */,
				C01FCF5008A954540054247B /* Release */,
			);
			defaultConfigurationIsVisible = 0;
			defaultConfigurationName = Release;
		};
/* End XCConfigurationList section */

/* Begin PBXCopyFilesBuildPhase section */
		14315200EF2A4D19BE263C2F /* Embed Frameworks */ = {
			isa = PBXCopyFilesBuildPhase;
			buildActionMask = 2147483647;
			files = (
				0E0FCDD8C0994E25AAB86CF0 /* IntuneMAMSwift.xcframework in Embed Frameworks */,
				974B0A576C274B55823BC619 /* IntuneMAMSwiftStub.xcframework in Embed Frameworks */,
				CC40639793F843FEA58B29D2 /* MSAL.xcframework in Embed Frameworks */,
			);
			runOnlyForDeploymentPostprocessing = 0;
			name = "Embed Frameworks";
			dstPath = "";
			dstSubfolderSpec = 10;
		};
/* End PBXCopyFilesBuildPhase section */
	};
	rootObject = 29B97313FDCFA39411CA2CEA /* Project object */;
}
